// !$*UTF8*$!
{
	archiveVersion = 1;
	classes = {
	};
	objectVersion = 55;
	objects = {

/* Begin PBXBuildFile section */
		4A16F4DC276003A000F32265 /* Tests_iOS.swift in Sources */ = {isa = PBXBuildFile; fileRef = 4A16F4DB2760039F00F32265 /* Tests_iOS.swift */; };
		4A16F4DE276003A000F32265 /* Tests_iOSLaunchTests.swift in Sources */ = {isa = PBXBuildFile; fileRef = 4A16F4DD276003A000F32265 /* Tests_iOSLaunchTests.swift */; };
		4A16F4E8276003A000F32265 /* Tests_macOS.swift in Sources */ = {isa = PBXBuildFile; fileRef = 4A16F4E7276003A000F32265 /* Tests_macOS.swift */; };
		4A16F4EA276003A000F32265 /* Tests_macOSLaunchTests.swift in Sources */ = {isa = PBXBuildFile; fileRef = 4A16F4E9276003A000F32265 /* Tests_macOSLaunchTests.swift */; };
		4A16F4EB276003A000F32265 /* TDDApp.swift in Sources */ = {isa = PBXBuildFile; fileRef = 4A16F4C32760039B00F32265 /* TDDApp.swift */; };
		4A16F4EC276003A000F32265 /* TDDApp.swift in Sources */ = {isa = PBXBuildFile; fileRef = 4A16F4C32760039B00F32265 /* TDDApp.swift */; };
		4A16F4ED276003A000F32265 /* ContentView.swift in Sources */ = {isa = PBXBuildFile; fileRef = 4A16F4C42760039B00F32265 /* ContentView.swift */; };
		4A16F4EE276003A000F32265 /* ContentView.swift in Sources */ = {isa = PBXBuildFile; fileRef = 4A16F4C42760039B00F32265 /* ContentView.swift */; };
		4A16F4EF276003A000F32265 /* Assets.xcassets in Resources */ = {isa = PBXBuildFile; fileRef = 4A16F4C52760039F00F32265 /* Assets.xcassets */; };
		4A16F4F0276003A000F32265 /* Assets.xcassets in Resources */ = {isa = PBXBuildFile; fileRef = 4A16F4C52760039F00F32265 /* Assets.xcassets */; };
/* End PBXBuildFile section */

/* Begin PBXContainerItemProxy section */
		4A16F4D82760039F00F32265 /* PBXContainerItemProxy */ = {
			isa = PBXContainerItemProxy;
			containerPortal = 4A16F4BE2760039A00F32265 /* Project object */;
			proxyType = 1;
			remoteGlobalIDString = 4A16F4C92760039F00F32265;
			remoteInfo = "TDD (iOS)";
		};
		4A16F4E4276003A000F32265 /* PBXContainerItemProxy */ = {
			isa = PBXContainerItemProxy;
			containerPortal = 4A16F4BE2760039A00F32265 /* Project object */;
			proxyType = 1;
			remoteGlobalIDString = 4A16F4CF2760039F00F32265;
			remoteInfo = "TDD (macOS)";
		};
/* End PBXContainerItemProxy section */

/* Begin PBXFileReference section */
		4A16F4C32760039B00F32265 /* TDDApp.swift */ = {isa = PBXFileReference; lastKnownFileType = sourcecode.swift; path = TDDApp.swift; sourceTree = "<group>"; };
		4A16F4C42760039B00F32265 /* ContentView.swift */ = {isa = PBXFileReference; lastKnownFileType = sourcecode.swift; path = ContentView.swift; sourceTree = "<group>"; };
		4A16F4C52760039F00F32265 /* Assets.xcassets */ = {isa = PBXFileReference; lastKnownFileType = folder.assetcatalog; path = Assets.xcassets; sourceTree = "<group>"; };
		4A16F4CA2760039F00F32265 /* TDD.app */ = {isa = PBXFileReference; explicitFileType = wrapper.application; includeInIndex = 0; path = TDD.app; sourceTree = BUILT_PRODUCTS_DIR; };
		4A16F4D02760039F00F32265 /* TDD.app */ = {isa = PBXFileReference; explicitFileType = wrapper.application; includeInIndex = 0; path = TDD.app; sourceTree = BUILT_PRODUCTS_DIR; };
		4A16F4D22760039F00F32265 /* macOS.entitlements */ = {isa = PBXFileReference; lastKnownFileType = text.plist.entitlements; path = macOS.entitlements; sourceTree = "<group>"; };
		4A16F4D72760039F00F32265 /* Tests iOS.xctest */ = {isa = PBXFileReference; explicitFileType = wrapper.cfbundle; includeInIndex = 0; path = "Tests iOS.xctest"; sourceTree = BUILT_PRODUCTS_DIR; };
		4A16F4DB2760039F00F32265 /* Tests_iOS.swift */ = {isa = PBXFileReference; lastKnownFileType = sourcecode.swift; path = Tests_iOS.swift; sourceTree = "<group>"; };
		4A16F4DD276003A000F32265 /* Tests_iOSLaunchTests.swift */ = {isa = PBXFileReference; lastKnownFileType = sourcecode.swift; path = Tests_iOSLaunchTests.swift; sourceTree = "<group>"; };
		4A16F4E3276003A000F32265 /* Tests macOS.xctest */ = {isa = PBXFileReference; explicitFileType = wrapper.cfbundle; includeInIndex = 0; path = "Tests macOS.xctest"; sourceTree = BUILT_PRODUCTS_DIR; };
		4A16F4E7276003A000F32265 /* Tests_macOS.swift */ = {isa = PBXFileReference; lastKnownFileType = sourcecode.swift; path = Tests_macOS.swift; sourceTree = "<group>"; };
		4A16F4E9276003A000F32265 /* Tests_macOSLaunchTests.swift */ = {isa = PBXFileReference; lastKnownFileType = sourcecode.swift; path = Tests_macOSLaunchTests.swift; sourceTree = "<group>"; };
/* End PBXFileReference section */

/* Begin PBXFrameworksBuildPhase section */
		4A16F4C72760039F00F32265 /* Frameworks */ = {
			isa = PBXFrameworksBuildPhase;
			buildActionMask = 2147483647;
			files = (
			);
			runOnlyForDeploymentPostprocessing = 0;
		};
		4A16F4CD2760039F00F32265 /* Frameworks */ = {
			isa = PBXFrameworksBuildPhase;
			buildActionMask = 2147483647;
			files = (
			);
			runOnlyForDeploymentPostprocessing = 0;
		};
		4A16F4D42760039F00F32265 /* Frameworks */ = {
			isa = PBXFrameworksBuildPhase;
			buildActionMask = 2147483647;
			files = (
			);
			runOnlyForDeploymentPostprocessing = 0;
		};
		4A16F4E0276003A000F32265 /* Frameworks */ = {
			isa = PBXFrameworksBuildPhase;
			buildActionMask = 2147483647;
			files = (
			);
			runOnlyForDeploymentPostprocessing = 0;
		};
/* End PBXFrameworksBuildPhase section */

/* Begin PBXGroup section */
		4A16F4BD2760039A00F32265 = {
			isa = PBXGroup;
			children = (
				4A16F4C22760039B00F32265 /* Shared */,
				4A16F4D12760039F00F32265 /* macOS */,
				4A16F4DA2760039F00F32265 /* Tests iOS */,
				4A16F4E6276003A000F32265 /* Tests macOS */,
				4A16F4CB2760039F00F32265 /* Products */,
			);
			sourceTree = "<group>";
		};
		4A16F4C22760039B00F32265 /* Shared */ = {
			isa = PBXGroup;
			children = (
				4A16F4C32760039B00F32265 /* TDDApp.swift */,
				4A16F4C42760039B00F32265 /* ContentView.swift */,
				4A16F4C52760039F00F32265 /* Assets.xcassets */,
			);
			path = Shared;
			sourceTree = "<group>";
		};
		4A16F4CB2760039F00F32265 /* Products */ = {
			isa = PBXGroup;
			children = (
				4A16F4CA2760039F00F32265 /* TDD.app */,
				4A16F4D02760039F00F32265 /* TDD.app */,
				4A16F4D72760039F00F32265 /* Tests iOS.xctest */,
				4A16F4E3276003A000F32265 /* Tests macOS.xctest */,
			);
			name = Products;
			sourceTree = "<group>";
		};
		4A16F4D12760039F00F32265 /* macOS */ = {
			isa = PBXGroup;
			children = (
				4A16F4D22760039F00F32265 /* macOS.entitlements */,
			);
			path = macOS;
			sourceTree = "<group>";
		};
		4A16F4DA2760039F00F32265 /* Tests iOS */ = {
			isa = PBXGroup;
			children = (
				4A16F4DB2760039F00F32265 /* Tests_iOS.swift */,
				4A16F4DD276003A000F32265 /* Tests_iOSLaunchTests.swift */,
			);
			path = "Tests iOS";
			sourceTree = "<group>";
		};
		4A16F4E6276003A000F32265 /* Tests macOS */ = {
			isa = PBXGroup;
			children = (
				4A16F4E7276003A000F32265 /* Tests_macOS.swift */,
				4A16F4E9276003A000F32265 /* Tests_macOSLaunchTests.swift */,
			);
			path = "Tests macOS";
			sourceTree = "<group>";
		};
/* End PBXGroup section */

/* Begin PBXNativeTarget section */
		4A16F4C92760039F00F32265 /* TDD (iOS) */ = {
			isa = PBXNativeTarget;
			buildConfigurationList = 4A16F4F3276003A000F32265 /* Build configuration list for PBXNativeTarget "TDD (iOS)" */;
			buildPhases = (
				4A16F4C62760039F00F32265 /* Sources */,
				4A16F4C72760039F00F32265 /* Frameworks */,
				4A16F4C82760039F00F32265 /* Resources */,
			);
			buildRules = (
			);
			dependencies = (
			);
			name = "TDD (iOS)";
			productName = "TDD (iOS)";
			productReference = 4A16F4CA2760039F00F32265 /* TDD.app */;
			productType = "com.apple.product-type.application";
		};
		4A16F4CF2760039F00F32265 /* TDD (macOS) */ = {
			isa = PBXNativeTarget;
			buildConfigurationList = 4A16F4F6276003A000F32265 /* Build configuration list for PBXNativeTarget "TDD (macOS)" */;
			buildPhases = (
				4A16F4CC2760039F00F32265 /* Sources */,
				4A16F4CD2760039F00F32265 /* Frameworks */,
				4A16F4CE2760039F00F32265 /* Resources */,
			);
			buildRules = (
			);
			dependencies = (
			);
			name = "TDD (macOS)";
			productName = "TDD (macOS)";
			productReference = 4A16F4D02760039F00F32265 /* TDD.app */;
			productType = "com.apple.product-type.application";
		};
		4A16F4D62760039F00F32265 /* Tests iOS */ = {
			isa = PBXNativeTarget;
			buildConfigurationList = 4A16F4F9276003A000F32265 /* Build configuration list for PBXNativeTarget "Tests iOS" */;
			buildPhases = (
				4A16F4D32760039F00F32265 /* Sources */,
				4A16F4D42760039F00F32265 /* Frameworks */,
				4A16F4D52760039F00F32265 /* Resources */,
			);
			buildRules = (
			);
			dependencies = (
				4A16F4D92760039F00F32265 /* PBXTargetDependency */,
			);
			name = "Tests iOS";
			productName = "Tests iOS";
			productReference = 4A16F4D72760039F00F32265 /* Tests iOS.xctest */;
			productType = "com.apple.product-type.bundle.ui-testing";
		};
		4A16F4E2276003A000F32265 /* Tests macOS */ = {
			isa = PBXNativeTarget;
			buildConfigurationList = 4A16F4FC276003A000F32265 /* Build configuration list for PBXNativeTarget "Tests macOS" */;
			buildPhases = (
				4A16F4DF276003A000F32265 /* Sources */,
				4A16F4E0276003A000F32265 /* Frameworks */,
				4A16F4E1276003A000F32265 /* Resources */,
			);
			buildRules = (
			);
			dependencies = (
				4A16F4E5276003A000F32265 /* PBXTargetDependency */,
			);
			name = "Tests macOS";
			productName = "Tests macOS";
			productReference = 4A16F4E3276003A000F32265 /* Tests macOS.xctest */;
			productType = "com.apple.product-type.bundle.ui-testing";
		};
/* End PBXNativeTarget section */

/* Begin PBXProject section */
		4A16F4BE2760039A00F32265 /* Project object */ = {
			isa = PBXProject;
			attributes = {
				BuildIndependentTargetsInParallel = 1;
				LastSwiftUpdateCheck = 1310;
				LastUpgradeCheck = 1310;
				TargetAttributes = {
					4A16F4C92760039F00F32265 = {
						CreatedOnToolsVersion = 13.1;
					};
					4A16F4CF2760039F00F32265 = {
						CreatedOnToolsVersion = 13.1;
					};
					4A16F4D62760039F00F32265 = {
						CreatedOnToolsVersion = 13.1;
						TestTargetID = 4A16F4C92760039F00F32265;
					};
					4A16F4E2276003A000F32265 = {
						CreatedOnToolsVersion = 13.1;
						TestTargetID = 4A16F4CF2760039F00F32265;
					};
				};
			};
			buildConfigurationList = 4A16F4C12760039A00F32265 /* Build configuration list for PBXProject "TDD" */;
			compatibilityVersion = "Xcode 13.0";
			developmentRegion = en;
			hasScannedForEncodings = 0;
			knownRegions = (
				en,
				Base,
			);
			mainGroup = 4A16F4BD2760039A00F32265;
			productRefGroup = 4A16F4CB2760039F00F32265 /* Products */;
			projectDirPath = "";
			projectRoot = "";
			targets = (
				4A16F4C92760039F00F32265 /* TDD (iOS) */,
				4A16F4CF2760039F00F32265 /* TDD (macOS) */,
				4A16F4D62760039F00F32265 /* Tests iOS */,
				4A16F4E2276003A000F32265 /* Tests macOS */,
			);
		};
/* End PBXProject section */

/* Begin PBXResourcesBuildPhase section */
		4A16F4C82760039F00F32265 /* Resources */ = {
			isa = PBXResourcesBuildPhase;
			buildActionMask = 2147483647;
			files = (
				4A16F4EF276003A000F32265 /* Assets.xcassets in Resources */,
			);
			runOnlyForDeploymentPostprocessing = 0;
		};
		4A16F4CE2760039F00F32265 /* Resources */ = {
			isa = PBXResourcesBuildPhase;
			buildActionMask = 2147483647;
			files = (
				4A16F4F0276003A000F32265 /* Assets.xcassets in Resources */,
			);
			runOnlyForDeploymentPostprocessing = 0;
		};
		4A16F4D52760039F00F32265 /* Resources */ = {
			isa = PBXResourcesBuildPhase;
			buildActionMask = 2147483647;
			files = (
			);
			runOnlyForDeploymentPostprocessing = 0;
		};
		4A16F4E1276003A000F32265 /* Resources */ = {
			isa = PBXResourcesBuildPhase;
			buildActionMask = 2147483647;
			files = (
			);
			runOnlyForDeploymentPostprocessing = 0;
		};
/* End PBXResourcesBuildPhase section */

/* Begin PBXSourcesBuildPhase section */
		4A16F4C62760039F00F32265 /* Sources */ = {
			isa = PBXSourcesBuildPhase;
			buildActionMask = 2147483647;
			files = (
				4A16F4ED276003A000F32265 /* ContentView.swift in Sources */,
				4A16F4EB276003A000F32265 /* TDDApp.swift in Sources */,
			);
			runOnlyForDeploymentPostprocessing = 0;
		};
		4A16F4CC2760039F00F32265 /* Sources */ = {
			isa = PBXSourcesBuildPhase;
			buildActionMask = 2147483647;
			files = (
				4A16F4EE276003A000F32265 /* ContentView.swift in Sources */,
				4A16F4EC276003A000F32265 /* TDDApp.swift in Sources */,
			);
			runOnlyForDeploymentPostprocessing = 0;
		};
		4A16F4D32760039F00F32265 /* Sources */ = {
			isa = PBXSourcesBuildPhase;
			buildActionMask = 2147483647;
			files = (
				4A16F4DE276003A000F32265 /* Tests_iOSLaunchTests.swift in Sources */,
				4A16F4DC276003A000F32265 /* Tests_iOS.swift in Sources */,
			);
			runOnlyForDeploymentPostprocessing = 0;
		};
		4A16F4DF276003A000F32265 /* Sources */ = {
			isa = PBXSourcesBuildPhase;
			buildActionMask = 2147483647;
			files = (
				4A16F4EA276003A000F32265 /* Tests_macOSLaunchTests.swift in Sources */,
				4A16F4E8276003A000F32265 /* Tests_macOS.swift in Sources */,
			);
			runOnlyForDeploymentPostprocessing = 0;
		};
/* End PBXSourcesBuildPhase section */

/* Begin PBXTargetDependency section */
		4A16F4D92760039F00F32265 /* PBXTargetDependency */ = {
			isa = PBXTargetDependency;
			target = 4A16F4C92760039F00F32265 /* TDD (iOS) */;
			targetProxy = 4A16F4D82760039F00F32265 /* PBXContainerItemProxy */;
		};
		4A16F4E5276003A000F32265 /* PBXTargetDependency */ = {
			isa = PBXTargetDependency;
			target = 4A16F4CF2760039F00F32265 /* TDD (macOS) */;
			targetProxy = 4A16F4E4276003A000F32265 /* PBXContainerItemProxy */;
		};
/* End PBXTargetDependency section */

/* Begin XCBuildConfiguration section */
		4A16F4F1276003A000F32265 /* Debug */ = {
			isa = XCBuildConfiguration;
			buildSettings = {
				ALWAYS_SEARCH_USER_PATHS = NO;
				CLANG_ANALYZER_NONNULL = YES;
				CLANG_ANALYZER_NUMBER_OBJECT_CONVERSION = YES_AGGRESSIVE;
				CLANG_CXX_LANGUAGE_STANDARD = "gnu++17";
				CLANG_CXX_LIBRARY = "libc++";
				CLANG_ENABLE_MODULES = YES;
				CLANG_ENABLE_OBJC_ARC = YES;
				CLANG_ENABLE_OBJC_WEAK = YES;
				CLANG_WARN_BLOCK_CAPTURE_AUTORELEASING = YES;
				CLANG_WARN_BOOL_CONVERSION = YES;
				CLANG_WARN_COMMA = YES;
				CLANG_WARN_CONSTANT_CONVERSION = YES;
				CLANG_WARN_DEPRECATED_OBJC_IMPLEMENTATIONS = YES;
				CLANG_WARN_DIRECT_OBJC_ISA_USAGE = YES_ERROR;
				CLANG_WARN_DOCUMENTATION_COMMENTS = YES;
				CLANG_WARN_EMPTY_BODY = YES;
				CLANG_WARN_ENUM_CONVERSION = YES;
				CLANG_WARN_INFINITE_RECURSION = YES;
				CLANG_WARN_INT_CONVERSION = YES;
				CLANG_WARN_NON_LITERAL_NULL_CONVERSION = YES;
				CLANG_WARN_OBJC_IMPLICIT_RETAIN_SELF = YES;
				CLANG_WARN_OBJC_LITERAL_CONVERSION = YES;
				CLANG_WARN_OBJC_ROOT_CLASS = YES_ERROR;
				CLANG_WARN_QUOTED_INCLUDE_IN_FRAMEWORK_HEADER = YES;
				CLANG_WARN_RANGE_LOOP_ANALYSIS = YES;
				CLANG_WARN_STRICT_PROTOTYPES = YES;
				CLANG_WARN_SUSPICIOUS_MOVE = YES;
				CLANG_WARN_UNGUARDED_AVAILABILITY = YES_AGGRESSIVE;
				CLANG_WARN_UNREACHABLE_CODE = YES;
				CLANG_WARN__DUPLICATE_METHOD_MATCH = YES;
				COPY_PHASE_STRIP = NO;
				DEBUG_INFORMATION_FORMAT = dwarf;
				ENABLE_STRICT_OBJC_MSGSEND = YES;
				ENABLE_TESTABILITY = YES;
				GCC_C_LANGUAGE_STANDARD = gnu11;
				GCC_DYNAMIC_NO_PIC = NO;
				GCC_NO_COMMON_BLOCKS = YES;
				GCC_OPTIMIZATION_LEVEL = 0;
				GCC_PREPROCESSOR_DEFINITIONS = (
					"DEBUG=1",
					"$(inherited)",
				);
				GCC_WARN_64_TO_32_BIT_CONVERSION = YES;
				GCC_WARN_ABOUT_RETURN_TYPE = YES_ERROR;
				GCC_WARN_UNDECLARED_SELECTOR = YES;
				GCC_WARN_UNINITIALIZED_AUTOS = YES_AGGRESSIVE;
				GCC_WARN_UNUSED_FUNCTION = YES;
				GCC_WARN_UNUSED_VARIABLE = YES;
				MTL_ENABLE_DEBUG_INFO = INCLUDE_SOURCE;
				MTL_FAST_MATH = YES;
				ONLY_ACTIVE_ARCH = YES;
				SWIFT_ACTIVE_COMPILATION_CONDITIONS = DEBUG;
				SWIFT_OPTIMIZATION_LEVEL = "-Onone";
			};
			name = Debug;
		};
		4A16F4F2276003A000F32265 /* Release */ = {
			isa = XCBuildConfiguration;
			buildSettings = {
				ALWAYS_SEARCH_USER_PATHS = NO;
				CLANG_ANALYZER_NONNULL = YES;
				CLANG_ANALYZER_NUMBER_OBJECT_CONVERSION = YES_AGGRESSIVE;
				CLANG_CXX_LANGUAGE_STANDARD = "gnu++17";
				CLANG_CXX_LIBRARY = "libc++";
				CLANG_ENABLE_MODULES = YES;
				CLANG_ENABLE_OBJC_ARC = YES;
				CLANG_ENABLE_OBJC_WEAK = YES;
				CLANG_WARN_BLOCK_CAPTURE_AUTORELEASING = YES;
				CLANG_WARN_BOOL_CONVERSION = YES;
				CLANG_WARN_COMMA = YES;
				CLANG_WARN_CONSTANT_CONVERSION = YES;
				CLANG_WARN_DEPRECATED_OBJC_IMPLEMENTATIONS = YES;
				CLANG_WARN_DIRECT_OBJC_ISA_USAGE = YES_ERROR;
				CLANG_WARN_DOCUMENTATION_COMMENTS = YES;
				CLANG_WARN_EMPTY_BODY = YES;
				CLANG_WARN_ENUM_CONVERSION = YES;
				CLANG_WARN_INFINITE_RECURSION = YES;
				CLANG_WARN_INT_CONVERSION = YES;
				CLANG_WARN_NON_LITERAL_NULL_CONVERSION = YES;
				CLANG_WARN_OBJC_IMPLICIT_RETAIN_SELF = YES;
				CLANG_WARN_OBJC_LITERAL_CONVERSION = YES;
				CLANG_WARN_OBJC_ROOT_CLASS = YES_ERROR;
				CLANG_WARN_QUOTED_INCLUDE_IN_FRAMEWORK_HEADER = YES;
				CLANG_WARN_RANGE_LOOP_ANALYSIS = YES;
				CLANG_WARN_STRICT_PROTOTYPES = YES;
				CLANG_WARN_SUSPICIOUS_MOVE = YES;
				CLANG_WARN_UNGUARDED_AVAILABILITY = YES_AGGRESSIVE;
				CLANG_WARN_UNREACHABLE_CODE = YES;
				CLANG_WARN__DUPLICATE_METHOD_MATCH = YES;
				COPY_PHASE_STRIP = NO;
				DEBUG_INFORMATION_FORMAT = "dwarf-with-dsym";
				ENABLE_NS_ASSERTIONS = NO;
				ENABLE_STRICT_OBJC_MSGSEND = YES;
				GCC_C_LANGUAGE_STANDARD = gnu11;
				GCC_NO_COMMON_BLOCKS = YES;
				GCC_WARN_64_TO_32_BIT_CONVERSION = YES;
				GCC_WARN_ABOUT_RETURN_TYPE = YES_ERROR;
				GCC_WARN_UNDECLARED_SELECTOR = YES;
				GCC_WARN_UNINITIALIZED_AUTOS = YES_AGGRESSIVE;
				GCC_WARN_UNUSED_FUNCTION = YES;
				GCC_WARN_UNUSED_VARIABLE = YES;
				MTL_ENABLE_DEBUG_INFO = NO;
				MTL_FAST_MATH = YES;
				SWIFT_COMPILATION_MODE = wholemodule;
				SWIFT_OPTIMIZATION_LEVEL = "-O";
			};
			name = Release;
		};
		4A16F4F4276003A000F32265 /* Debug */ = {
			isa = XCBuildConfiguration;
			buildSettings = {
				ASSETCATALOG_COMPILER_APPICON_NAME = AppIcon;
				ASSETCATALOG_COMPILER_GLOBAL_ACCENT_COLOR_NAME = AccentColor;
				CODE_SIGN_STYLE = Automatic;
				CURRENT_PROJECT_VERSION = 1;
				DEVELOPMENT_TEAM = 82QVHPVFHP;
				ENABLE_PREVIEWS = YES;
				GENERATE_INFOPLIST_FILE = YES;
				INFOPLIST_KEY_UIApplicationSceneManifest_Generation = YES;
				INFOPLIST_KEY_UIApplicationSupportsIndirectInputEvents = YES;
				INFOPLIST_KEY_UILaunchScreen_Generation = YES;
				INFOPLIST_KEY_UISupportedInterfaceOrientations_iPad = "UIInterfaceOrientationPortrait UIInterfaceOrientationPortraitUpsideDown UIInterfaceOrientationLandscapeLeft UIInterfaceOrientationLandscapeRight";
				INFOPLIST_KEY_UISupportedInterfaceOrientations_iPhone = "UIInterfaceOrientationPortrait UIInterfaceOrientationLandscapeLeft UIInterfaceOrientationLandscapeRight";
				IPHONEOS_DEPLOYMENT_TARGET = 15.0;
				LD_RUNPATH_SEARCH_PATHS = (
					"$(inherited)",
					"@executable_path/Frameworks",
				);
				MARKETING_VERSION = 1.0;
				PRODUCT_BUNDLE_IDENTIFIER = com.yarsher.dev.TDD;
				PRODUCT_NAME = TDD;
				SDKROOT = iphoneos;
				SWIFT_EMIT_LOC_STRINGS = YES;
				SWIFT_VERSION = 5.0;
				TARGETED_DEVICE_FAMILY = "1,2";
			};
			name = Debug;
		};
		4A16F4F5276003A000F32265 /* Release */ = {
			isa = XCBuildConfiguration;
			buildSettings = {
				ASSETCATALOG_COMPILER_APPICON_NAME = AppIcon;
				ASSETCATALOG_COMPILER_GLOBAL_ACCENT_COLOR_NAME = AccentColor;
				CODE_SIGN_STYLE = Automatic;
				CURRENT_PROJECT_VERSION = 1;
				DEVELOPMENT_TEAM = 82QVHPVFHP;
				ENABLE_PREVIEWS = YES;
				GENERATE_INFOPLIST_FILE = YES;
				INFOPLIST_KEY_UIApplicationSceneManifest_Generation = YES;
				INFOPLIST_KEY_UIApplicationSupportsIndirectInputEvents = YES;
				INFOPLIST_KEY_UILaunchScreen_Generation = YES;
				INFOPLIST_KEY_UISupportedInterfaceOrientations_iPad = "UIInterfaceOrientationPortrait UIInterfaceOrientationPortraitUpsideDown UIInterfaceOrientationLandscapeLeft UIInterfaceOrientationLandscapeRight";
				INFOPLIST_KEY_UISupportedInterfaceOrientations_iPhone = "UIInterfaceOrientationPortrait UIInterfaceOrientationLandscapeLeft UIInterfaceOrientationLandscapeRight";
				IPHONEOS_DEPLOYMENT_TARGET = 15.0;
				LD_RUNPATH_SEARCH_PATHS = (
					"$(inherited)",
					"@executable_path/Frameworks",
				);
				MARKETING_VERSION = 1.0;
				PRODUCT_BUNDLE_IDENTIFIER = com.yarsher.dev.TDD;
				PRODUCT_NAME = TDD;
				SDKROOT = iphoneos;
				SWIFT_EMIT_LOC_STRINGS = YES;
				SWIFT_VERSION = 5.0;
				TARGETED_DEVICE_FAMILY = "1,2";
				VALIDATE_PRODUCT = YES;
			};
			name = Release;
		};
		4A16F4F7276003A000F32265 /* Debug */ = {
			isa = XCBuildConfiguration;
			buildSettings = {
				ASSETCATALOG_COMPILER_APPICON_NAME = AppIcon;
				ASSETCATALOG_COMPILER_GLOBAL_ACCENT_COLOR_NAME = AccentColor;
				CODE_SIGN_ENTITLEMENTS = macOS/macOS.entitlements;
				CODE_SIGN_STYLE = Automatic;
				COMBINE_HIDPI_IMAGES = YES;
				CURRENT_PROJECT_VERSION = 1;
				DEVELOPMENT_TEAM = 82QVHPVFHP;
				ENABLE_HARDENED_RUNTIME = YES;
				ENABLE_PREVIEWS = YES;
				GENERATE_INFOPLIST_FILE = YES;
				INFOPLIST_KEY_NSHumanReadableCopyright = "";
				LD_RUNPATH_SEARCH_PATHS = (
					"$(inherited)",
					"@executable_path/../Frameworks",
				);
				MACOSX_DEPLOYMENT_TARGET = 11.6;
				MARKETING_VERSION = 1.0;
				PRODUCT_BUNDLE_IDENTIFIER = com.yarsher.dev.TDD;
				PRODUCT_NAME = TDD;
				SDKROOT = macosx;
				SWIFT_EMIT_LOC_STRINGS = YES;
				SWIFT_VERSION = 5.0;
			};
			name = Debug;
		};
		4A16F4F8276003A000F32265 /* Release */ = {
			isa = XCBuildConfiguration;
			buildSettings = {
				ASSETCATALOG_COMPILER_APPICON_NAME = AppIcon;
				ASSETCATALOG_COMPILER_GLOBAL_ACCENT_COLOR_NAME = AccentColor;
				CODE_SIGN_ENTITLEMENTS = macOS/macOS.entitlements;
				CODE_SIGN_STYLE = Automatic;
				COMBINE_HIDPI_IMAGES = YES;
				CURRENT_PROJECT_VERSION = 1;
				DEVELOPMENT_TEAM = 82QVHPVFHP;
				ENABLE_HARDENED_RUNTIME = YES;
				ENABLE_PREVIEWS = YES;
				GENERATE_INFOPLIST_FILE = YES;
				INFOPLIST_KEY_NSHumanReadableCopyright = "";
				LD_RUNPATH_SEARCH_PATHS = (
					"$(inherited)",
					"@executable_path/../Frameworks",
				);
				MACOSX_DEPLOYMENT_TARGET = 11.6;
				MARKETING_VERSION = 1.0;
				PRODUCT_BUNDLE_IDENTIFIER = com.yarsher.dev.TDD;
				PRODUCT_NAME = TDD;
				SDKROOT = macosx;
				SWIFT_EMIT_LOC_STRINGS = YES;
				SWIFT_VERSION = 5.0;
			};
			name = Release;
		};
		4A16F4FA276003A000F32265 /* Debug */ = {
			isa = XCBuildConfiguration;
			buildSettings = {
				ALWAYS_EMBED_SWIFT_STANDARD_LIBRARIES = YES;
				CODE_SIGN_STYLE = Automatic;
				CURRENT_PROJECT_VERSION = 1;
				DEVELOPMENT_TEAM = 82QVHPVFHP;
				GENERATE_INFOPLIST_FILE = YES;
				IPHONEOS_DEPLOYMENT_TARGET = 15.0;
				LD_RUNPATH_SEARCH_PATHS = (
					"$(inherited)",
					"@executable_path/Frameworks",
					"@loader_path/Frameworks",
				);
				MARKETING_VERSION = 1.0;
				PRODUCT_BUNDLE_IDENTIFIER = "com.yarsher.dev.Tests-iOS";
				PRODUCT_NAME = "$(TARGET_NAME)";
				SDKROOT = iphoneos;
				SWIFT_EMIT_LOC_STRINGS = NO;
				SWIFT_VERSION = 5.0;
				TARGETED_DEVICE_FAMILY = "1,2";
				TEST_TARGET_NAME = "TDD (iOS)";
			};
			name = Debug;
		};
		4A16F4FB276003A000F32265 /* Release */ = {
			isa = XCBuildConfiguration;
			buildSettings = {
				ALWAYS_EMBED_SWIFT_STANDARD_LIBRARIES = YES;
				CODE_SIGN_STYLE = Automatic;
				CURRENT_PROJECT_VERSION = 1;
				DEVELOPMENT_TEAM = 82QVHPVFHP;
				GENERATE_INFOPLIST_FILE = YES;
				IPHONEOS_DEPLOYMENT_TARGET = 15.0;
				LD_RUNPATH_SEARCH_PATHS = (
					"$(inherited)",
					"@executable_path/Frameworks",
					"@loader_path/Frameworks",
				);
				MARKETING_VERSION = 1.0;
				PRODUCT_BUNDLE_IDENTIFIER = "com.yarsher.dev.Tests-iOS";
				PRODUCT_NAME = "$(TARGET_NAME)";
				SDKROOT = iphoneos;
				SWIFT_EMIT_LOC_STRINGS = NO;
				SWIFT_VERSION = 5.0;
				TARGETED_DEVICE_FAMILY = "1,2";
				TEST_TARGET_NAME = "TDD (iOS)";
				VALIDATE_PRODUCT = YES;
			};
			name = Release;
		};
		4A16F4FD276003A000F32265 /* Debug */ = {
			isa = XCBuildConfiguration;
			buildSettings = {
				ALWAYS_EMBED_SWIFT_STANDARD_LIBRARIES = YES;
				CODE_SIGN_STYLE = Automatic;
				COMBINE_HIDPI_IMAGES = YES;
				CURRENT_PROJECT_VERSION = 1;
				DEVELOPMENT_TEAM = 82QVHPVFHP;
				GENERATE_INFOPLIST_FILE = YES;
				LD_RUNPATH_SEARCH_PATHS = (
					"$(inherited)",
					"@executable_path/../Frameworks",
					"@loader_path/../Frameworks",
				);
				MACOSX_DEPLOYMENT_TARGET = 11.6;
				MARKETING_VERSION = 1.0;
				PRODUCT_BUNDLE_IDENTIFIER = "com.yarsher.dev.Tests-macOS";
				PRODUCT_NAME = "$(TARGET_NAME)";
				SDKROOT = macosx;
				SWIFT_EMIT_LOC_STRINGS = NO;
				SWIFT_VERSION = 5.0;
				TEST_TARGET_NAME = "TDD (macOS)";
			};
			name = Debug;
		};
		4A16F4FE276003A000F32265 /* Release */ = {
			isa = XCBuildConfiguration;
			buildSettings = {
				ALWAYS_EMBED_SWIFT_STANDARD_LIBRARIES = YES;
				CODE_SIGN_STYLE = Automatic;
				COMBINE_HIDPI_IMAGES = YES;
				CURRENT_PROJECT_VERSION = 1;
				DEVELOPMENT_TEAM = 82QVHPVFHP;
				GENERATE_INFOPLIST_FILE = YES;
				LD_RUNPATH_SEARCH_PATHS = (
					"$(inherited)",
					"@executable_path/../Frameworks",
					"@loader_path/../Frameworks",
				);
				MACOSX_DEPLOYMENT_TARGET = 11.6;
				MARKETING_VERSION = 1.0;
				PRODUCT_BUNDLE_IDENTIFIER = "com.yarsher.dev.Tests-macOS";
				PRODUCT_NAME = "$(TARGET_NAME)";
				SDKROOT = macosx;
				SWIFT_EMIT_LOC_STRINGS = NO;
				SWIFT_VERSION = 5.0;
				TEST_TARGET_NAME = "TDD (macOS)";
			};
			name = Release;
		};
/* End XCBuildConfiguration section */

/* Begin XCConfigurationList section */
		4A16F4C12760039A00F32265 /* Build configuration list for PBXProject "TDD" */ = {
			isa = XCConfigurationList;
			buildConfigurations = (
				4A16F4F1276003A000F32265 /* Debug */,
				4A16F4F2276003A000F32265 /* Release */,
			);
			defaultConfigurationIsVisible = 0;
			defaultConfigurationName = Release;
		};
		4A16F4F3276003A000F32265 /* Build configuration list for PBXNativeTarget "TDD (iOS)" */ = {
			isa = XCConfigurationList;
			buildConfigurations = (
				4A16F4F4276003A000F32265 /* Debug */,
				4A16F4F5276003A000F32265 /* Release */,
			);
			defaultConfigurationIsVisible = 0;
			defaultConfigurationName = Release;
		};
		4A16F4F6276003A000F32265 /* Build configuration list for PBXNativeTarget "TDD (macOS)" */ = {
			isa = XCConfigurationList;
			buildConfigurations = (
				4A16F4F7276003A000F32265 /* Debug */,
				4A16F4F8276003A000F32265 /* Release */,
			);
			defaultConfigurationIsVisible = 0;
			defaultConfigurationName = Release;
		};
		4A16F4F9276003A000F32265 /* Build configuration list for PBXNativeTarget "Tests iOS" */ = {
			isa = XCConfigurationList;
			buildConfigurations = (
				4A16F4FA276003A000F32265 /* Debug */,
				4A16F4FB276003A000F32265 /* Release */,
			);
			defaultConfigurationIsVisible = 0;
			defaultConfigurationName = Release;
		};
		4A16F4FC276003A000F32265 /* Build configuration list for PBXNativeTarget "Tests macOS" */ = {
			isa = XCConfigurationList;
			buildConfigurations = (
				4A16F4FD276003A000F32265 /* Debug */,
				4A16F4FE276003A000F32265 /* Release */,
			);
			defaultConfigurationIsVisible = 0;
			defaultConfigurationName = Release;
		};
/* End XCConfigurationList section */
	};
	rootObject = 4A16F4BE2760039A00F32265 /* Project object */;
}
