// !$*UTF8*$!
{
	archiveVersion = 1;
	classes = {
	};
	objectVersion = 55;
	objects = {

/* Begin PBXBuildFile section */
		4A961CCE27385CE500D0CC0B /* AppDelegate.swift in Sources */ = {isa = PBXBuildFile; fileRef = 4A961CCD27385CE500D0CC0B /* AppDelegate.swift */; };
		4A961CD027385CE500D0CC0B /* SceneDelegate.swift in Sources */ = {isa = PBXBuildFile; fileRef = 4A961CCF27385CE500D0CC0B /* SceneDelegate.swift */; };
		4A961CD227385CE500D0CC0B /* ConversationsViewController.swift in Sources */ = {isa = PBXBuildFile; fileRef = 4A961CD127385CE500D0CC0B /* ConversationsViewController.swift */; };
		4A961CD527385CE500D0CC0B /* Main.storyboard in Resources */ = {isa = PBXBuildFile; fileRef = 4A961CD327385CE500D0CC0B /* Main.storyboard */; };
		4A961CD727385CE700D0CC0B /* Assets.xcassets in Resources */ = {isa = PBXBuildFile; fileRef = 4A961CD627385CE700D0CC0B /* Assets.xcassets */; };
		4A961CDA27385CE700D0CC0B /* LaunchScreen.storyboard in Resources */ = {isa = PBXBuildFile; fileRef = 4A961CD827385CE700D0CC0B /* LaunchScreen.storyboard */; };
		4A961CE82738684000D0CC0B /* LoginViewController.swift in Sources */ = {isa = PBXBuildFile; fileRef = 4A961CE72738684000D0CC0B /* LoginViewController.swift */; };
		4A961CEA2738685800D0CC0B /* RegisterViewController.swift in Sources */ = {isa = PBXBuildFile; fileRef = 4A961CE92738685800D0CC0B /* RegisterViewController.swift */; };
		4A961CEC2738687E00D0CC0B /* PhotoViewerViewController.swift in Sources */ = {isa = PBXBuildFile; fileRef = 4A961CEB2738687E00D0CC0B /* PhotoViewerViewController.swift */; };
		4A961CEE2738697A00D0CC0B /* VideoPlayerViewController.swift in Sources */ = {isa = PBXBuildFile; fileRef = 4A961CED2738697A00D0CC0B /* VideoPlayerViewController.swift */; };
		4A961CF0273869B500D0CC0B /* NewConverstionViewController.swift in Sources */ = {isa = PBXBuildFile; fileRef = 4A961CEF273869B500D0CC0B /* NewConverstionViewController.swift */; };
		4A961CF2273869C900D0CC0B /* ProfileViewController.swift in Sources */ = {isa = PBXBuildFile; fileRef = 4A961CF1273869C900D0CC0B /* ProfileViewController.swift */; };
		4A961CF5273889EA00D0CC0B /* Extensions.swift in Sources */ = {isa = PBXBuildFile; fileRef = 4A961CF4273889EA00D0CC0B /* Extensions.swift */; };
/* End PBXBuildFile section */

/* Begin PBXFileReference section */
		4A961CCA27385CE500D0CC0B /* Messanger.app */ = {isa = PBXFileReference; explicitFileType = wrapper.application; includeInIndex = 0; path = Messanger.app; sourceTree = BUILT_PRODUCTS_DIR; };
		4A961CCD27385CE500D0CC0B /* AppDelegate.swift */ = {isa = PBXFileReference; lastKnownFileType = sourcecode.swift; path = AppDelegate.swift; sourceTree = "<group>"; };
		4A961CCF27385CE500D0CC0B /* SceneDelegate.swift */ = {isa = PBXFileReference; lastKnownFileType = sourcecode.swift; path = SceneDelegate.swift; sourceTree = "<group>"; };
		4A961CD127385CE500D0CC0B /* ConversationsViewController.swift */ = {isa = PBXFileReference; lastKnownFileType = sourcecode.swift; path = ConversationsViewController.swift; sourceTree = "<group>"; };
		4A961CD427385CE500D0CC0B /* Base */ = {isa = PBXFileReference; lastKnownFileType = file.storyboard; name = Base; path = Base.lproj/Main.storyboard; sourceTree = "<group>"; };
		4A961CD627385CE700D0CC0B /* Assets.xcassets */ = {isa = PBXFileReference; lastKnownFileType = folder.assetcatalog; path = Assets.xcassets; sourceTree = "<group>"; };
		4A961CD927385CE700D0CC0B /* Base */ = {isa = PBXFileReference; lastKnownFileType = file.storyboard; name = Base; path = Base.lproj/LaunchScreen.storyboard; sourceTree = "<group>"; };
		4A961CDB27385CE700D0CC0B /* Info.plist */ = {isa = PBXFileReference; lastKnownFileType = text.plist.xml; path = Info.plist; sourceTree = "<group>"; };
		4A961CE72738684000D0CC0B /* LoginViewController.swift */ = {isa = PBXFileReference; lastKnownFileType = sourcecode.swift; path = LoginViewController.swift; sourceTree = "<group>"; };
		4A961CE92738685800D0CC0B /* RegisterViewController.swift */ = {isa = PBXFileReference; lastKnownFileType = sourcecode.swift; path = RegisterViewController.swift; sourceTree = "<group>"; };
		4A961CEB2738687E00D0CC0B /* PhotoViewerViewController.swift */ = {isa = PBXFileReference; lastKnownFileType = sourcecode.swift; path = PhotoViewerViewController.swift; sourceTree = "<group>"; };
		4A961CED2738697A00D0CC0B /* VideoPlayerViewController.swift */ = {isa = PBXFileReference; lastKnownFileType = sourcecode.swift; path = VideoPlayerViewController.swift; sourceTree = "<group>"; };
		4A961CEF273869B500D0CC0B /* NewConverstionViewController.swift */ = {isa = PBXFileReference; lastKnownFileType = sourcecode.swift; path = NewConverstionViewController.swift; sourceTree = "<group>"; };
		4A961CF1273869C900D0CC0B /* ProfileViewController.swift */ = {isa = PBXFileReference; lastKnownFileType = sourcecode.swift; path = ProfileViewController.swift; sourceTree = "<group>"; };
		4A961CF4273889EA00D0CC0B /* Extensions.swift */ = {isa = PBXFileReference; lastKnownFileType = sourcecode.swift; path = Extensions.swift; sourceTree = "<group>"; };
/* End PBXFileReference section */

/* Begin PBXFrameworksBuildPhase section */
		4A961CC727385CE500D0CC0B /* Frameworks */ = {
			isa = PBXFrameworksBuildPhase;
			buildActionMask = 2147483647;
			files = (
			);
			runOnlyForDeploymentPostprocessing = 0;
		};
/* End PBXFrameworksBuildPhase section */

/* Begin PBXGroup section */
		4A961CC127385CE500D0CC0B = {
			isa = PBXGroup;
			children = (
				4A961CCC27385CE500D0CC0B /* Messanger */,
				4A961CCB27385CE500D0CC0B /* Products */,
			);
			sourceTree = "<group>";
		};
		4A961CCB27385CE500D0CC0B /* Products */ = {
			isa = PBXGroup;
			children = (
				4A961CCA27385CE500D0CC0B /* Messanger.app */,
			);
			name = Products;
			sourceTree = "<group>";
		};
		4A961CCC27385CE500D0CC0B /* Messanger */ = {
			isa = PBXGroup;
			children = (
				4A961CE527385DCF00D0CC0B /* Resources */,
				4A961CE427385DC400D0CC0B /* ViewModels */,
				4A961CE327385DBF00D0CC0B /* Models */,
				4A961CE227385DB900D0CC0B /* Views */,
				4A961CE127385DB200D0CC0B /* Controllers */,
				4A961CDB27385CE700D0CC0B /* Info.plist */,
			);
			path = Messanger;
			sourceTree = "<group>";
		};
		4A961CE127385DB200D0CC0B /* Controllers */ = {
			isa = PBXGroup;
			children = (
				4A961CF327386A4D00D0CC0B /* Login */,
				4A961CD127385CE500D0CC0B /* ConversationsViewController.swift */,
				4A961CEB2738687E00D0CC0B /* PhotoViewerViewController.swift */,
				4A961CED2738697A00D0CC0B /* VideoPlayerViewController.swift */,
				4A961CEF273869B500D0CC0B /* NewConverstionViewController.swift */,
				4A961CF1273869C900D0CC0B /* ProfileViewController.swift */,
			);
			path = Controllers;
			sourceTree = "<group>";
		};
		4A961CE227385DB900D0CC0B /* Views */ = {
			isa = PBXGroup;
			children = (
				4A961CE627385E0300D0CC0B /* StoryBoards */,
				4A961CD627385CE700D0CC0B /* Assets.xcassets */,
			);
			path = Views;
			sourceTree = "<group>";
		};
		4A961CE327385DBF00D0CC0B /* Models */ = {
			isa = PBXGroup;
			children = (
			);
			path = Models;
			sourceTree = "<group>";
		};
		4A961CE427385DC400D0CC0B /* ViewModels */ = {
			isa = PBXGroup;
			children = (
			);
			path = ViewModels;
			sourceTree = "<group>";
		};
		4A961CE527385DCF00D0CC0B /* Resources */ = {
			isa = PBXGroup;
			children = (
				4A961CCD27385CE500D0CC0B /* AppDelegate.swift */,
				4A961CCF27385CE500D0CC0B /* SceneDelegate.swift */,
				4A961CF4273889EA00D0CC0B /* Extensions.swift */,
			);
			path = Resources;
			sourceTree = "<group>";
		};
		4A961CE627385E0300D0CC0B /* StoryBoards */ = {
			isa = PBXGroup;
			children = (
				4A961CD327385CE500D0CC0B /* Main.storyboard */,
				4A961CD827385CE700D0CC0B /* LaunchScreen.storyboard */,
			);
			path = StoryBoards;
			sourceTree = "<group>";
		};
		4A961CF327386A4D00D0CC0B /* Login */ = {
			isa = PBXGroup;
			children = (
				4A961CE72738684000D0CC0B /* LoginViewController.swift */,
				4A961CE92738685800D0CC0B /* RegisterViewController.swift */,
			);
			path = Login;
			sourceTree = "<group>";
		};
/* End PBXGroup section */

/* Begin PBXNativeTarget section */
		4A961CC927385CE500D0CC0B /* Messanger */ = {
			isa = PBXNativeTarget;
			buildConfigurationList = 4A961CDE27385CE700D0CC0B /* Build configuration list for PBXNativeTarget "Messanger" */;
			buildPhases = (
				4A961CC627385CE500D0CC0B /* Sources */,
				4A961CC727385CE500D0CC0B /* Frameworks */,
				4A961CC827385CE500D0CC0B /* Resources */,
			);
			buildRules = (
			);
			dependencies = (
			);
			name = Messanger;
			productName = Messanger;
			productReference = 4A961CCA27385CE500D0CC0B /* Messanger.app */;
			productType = "com.apple.product-type.application";
		};
/* End PBXNativeTarget section */

/* Begin PBXProject section */
		4A961CC227385CE500D0CC0B /* Project object */ = {
			isa = PBXProject;
			attributes = {
				BuildIndependentTargetsInParallel = 1;
				LastSwiftUpdateCheck = 1310;
				LastUpgradeCheck = 1310;
				TargetAttributes = {
					4A961CC927385CE500D0CC0B = {
						CreatedOnToolsVersion = 13.1;
					};
				};
			};
			buildConfigurationList = 4A961CC527385CE500D0CC0B /* Build configuration list for PBXProject "Messanger" */;
			compatibilityVersion = "Xcode 13.0";
			developmentRegion = en;
			hasScannedForEncodings = 0;
			knownRegions = (
				en,
				Base,
			);
			mainGroup = 4A961CC127385CE500D0CC0B;
			productRefGroup = 4A961CCB27385CE500D0CC0B /* Products */;
			projectDirPath = "";
			projectRoot = "";
			targets = (
				4A961CC927385CE500D0CC0B /* Messanger */,
			);
		};
/* End PBXProject section */

/* Begin PBXResourcesBuildPhase section */
		4A961CC827385CE500D0CC0B /* Resources */ = {
			isa = PBXResourcesBuildPhase;
			buildActionMask = 2147483647;
			files = (
				4A961CDA27385CE700D0CC0B /* LaunchScreen.storyboard in Resources */,
				4A961CD727385CE700D0CC0B /* Assets.xcassets in Resources */,
				4A961CD527385CE500D0CC0B /* Main.storyboard in Resources */,
			);
			runOnlyForDeploymentPostprocessing = 0;
		};
/* End PBXResourcesBuildPhase section */

/* Begin PBXSourcesBuildPhase section */
		4A961CC627385CE500D0CC0B /* Sources */ = {
			isa = PBXSourcesBuildPhase;
			buildActionMask = 2147483647;
			files = (
				4A961CF0273869B500D0CC0B /* NewConverstionViewController.swift in Sources */,
				4A961CE82738684000D0CC0B /* LoginViewController.swift in Sources */,
				4A961CEA2738685800D0CC0B /* RegisterViewController.swift in Sources */,
				4A961CD227385CE500D0CC0B /* ConversationsViewController.swift in Sources */,
				4A961CEE2738697A00D0CC0B /* VideoPlayerViewController.swift in Sources */,
				4A961CF5273889EA00D0CC0B /* Extensions.swift in Sources */,
				4A961CCE27385CE500D0CC0B /* AppDelegate.swift in Sources */,
				4A961CF2273869C900D0CC0B /* ProfileViewController.swift in Sources */,
				4A961CD027385CE500D0CC0B /* SceneDelegate.swift in Sources */,
				4A961CEC2738687E00D0CC0B /* PhotoViewerViewController.swift in Sources */,
			);
			runOnlyForDeploymentPostprocessing = 0;
		};
/* End PBXSourcesBuildPhase section */

/* Begin PBXVariantGroup section */
		4A961CD327385CE500D0CC0B /* Main.storyboard */ = {
			isa = PBXVariantGroup;
			children = (
				4A961CD427385CE500D0CC0B /* Base */,
			);
			name = Main.storyboard;
			sourceTree = "<group>";
		};
		4A961CD827385CE700D0CC0B /* LaunchScreen.storyboard */ = {
			isa = PBXVariantGroup;
			children = (
				4A961CD927385CE700D0CC0B /* Base */,
			);
			name = LaunchScreen.storyboard;
			sourceTree = "<group>";
		};
/* End PBXVariantGroup section */

/* Begin XCBuildConfiguration section */
		4A961CDC27385CE700D0CC0B /* Debug */ = {
			isa = XCBuildConfiguration;
			buildSettings = {
				ALWAYS_SEARCH_USER_PATHS = NO;
				CLANG_ANALYZER_NONNULL = YES;
				CLANG_ANALYZER_NUMBER_OBJECT_CONVERSION = YES_AGGRESSIVE;
				CLANG_CXX_LANGUAGE_STANDARD = "gnu++17";
				CLANG_CXX_LIBRARY = "libc++";
				CLANG_ENABLE_MODULES = YES;
				CLANG_ENABLE_OBJC_ARC = YES;
				CLANG_ENABLE_OBJC_WEAK = YES;
				CLANG_WARN_BLOCK_CAPTURE_AUTORELEASING = YES;
				CLANG_WARN_BOOL_CONVERSION = YES;
				CLANG_WARN_COMMA = YES;
				CLANG_WARN_CONSTANT_CONVERSION = YES;
				CLANG_WARN_DEPRECATED_OBJC_IMPLEMENTATIONS = YES;
				CLANG_WARN_DIRECT_OBJC_ISA_USAGE = YES_ERROR;
				CLANG_WARN_DOCUMENTATION_COMMENTS = YES;
				CLANG_WARN_EMPTY_BODY = YES;
				CLANG_WARN_ENUM_CONVERSION = YES;
				CLANG_WARN_INFINITE_RECURSION = YES;
				CLANG_WARN_INT_CONVERSION = YES;
				CLANG_WARN_NON_LITERAL_NULL_CONVERSION = YES;
				CLANG_WARN_OBJC_IMPLICIT_RETAIN_SELF = YES;
				CLANG_WARN_OBJC_LITERAL_CONVERSION = YES;
				CLANG_WARN_OBJC_ROOT_CLASS = YES_ERROR;
				CLANG_WARN_QUOTED_INCLUDE_IN_FRAMEWORK_HEADER = YES;
				CLANG_WARN_RANGE_LOOP_ANALYSIS = YES;
				CLANG_WARN_STRICT_PROTOTYPES = YES;
				CLANG_WARN_SUSPICIOUS_MOVE = YES;
				CLANG_WARN_UNGUARDED_AVAILABILITY = YES_AGGRESSIVE;
				CLANG_WARN_UNREACHABLE_CODE = YES;
				CLANG_WARN__DUPLICATE_METHOD_MATCH = YES;
				COPY_PHASE_STRIP = NO;
				DEBUG_INFORMATION_FORMAT = dwarf;
				ENABLE_STRICT_OBJC_MSGSEND = YES;
				ENABLE_TESTABILITY = YES;
				GCC_C_LANGUAGE_STANDARD = gnu11;
				GCC_DYNAMIC_NO_PIC = NO;
				GCC_NO_COMMON_BLOCKS = YES;
				GCC_OPTIMIZATION_LEVEL = 0;
				GCC_PREPROCESSOR_DEFINITIONS = (
					"DEBUG=1",
					"$(inherited)",
				);
				GCC_WARN_64_TO_32_BIT_CONVERSION = YES;
				GCC_WARN_ABOUT_RETURN_TYPE = YES_ERROR;
				GCC_WARN_UNDECLARED_SELECTOR = YES;
				GCC_WARN_UNINITIALIZED_AUTOS = YES_AGGRESSIVE;
				GCC_WARN_UNUSED_FUNCTION = YES;
				GCC_WARN_UNUSED_VARIABLE = YES;
				IPHONEOS_DEPLOYMENT_TARGET = 15.0;
				MTL_ENABLE_DEBUG_INFO = INCLUDE_SOURCE;
				MTL_FAST_MATH = YES;
				ONLY_ACTIVE_ARCH = YES;
				SDKROOT = iphoneos;
				SWIFT_ACTIVE_COMPILATION_CONDITIONS = DEBUG;
				SWIFT_OPTIMIZATION_LEVEL = "-Onone";
			};
			name = Debug;
		};
		4A961CDD27385CE700D0CC0B /* Release */ = {
			isa = XCBuildConfiguration;
			buildSettings = {
				ALWAYS_SEARCH_USER_PATHS = NO;
				CLANG_ANALYZER_NONNULL = YES;
				CLANG_ANALYZER_NUMBER_OBJECT_CONVERSION = YES_AGGRESSIVE;
				CLANG_CXX_LANGUAGE_STANDARD = "gnu++17";
				CLANG_CXX_LIBRARY = "libc++";
				CLANG_ENABLE_MODULES = YES;
				CLANG_ENABLE_OBJC_ARC = YES;
				CLANG_ENABLE_OBJC_WEAK = YES;
				CLANG_WARN_BLOCK_CAPTURE_AUTORELEASING = YES;
				CLANG_WARN_BOOL_CONVERSION = YES;
				CLANG_WARN_COMMA = YES;
				CLANG_WARN_CONSTANT_CONVERSION = YES;
				CLANG_WARN_DEPRECATED_OBJC_IMPLEMENTATIONS = YES;
				CLANG_WARN_DIRECT_OBJC_ISA_USAGE = YES_ERROR;
				CLANG_WARN_DOCUMENTATION_COMMENTS = YES;
				CLANG_WARN_EMPTY_BODY = YES;
				CLANG_WARN_ENUM_CONVERSION = YES;
				CLANG_WARN_INFINITE_RECURSION = YES;
				CLANG_WARN_INT_CONVERSION = YES;
				CLANG_WARN_NON_LITERAL_NULL_CONVERSION = YES;
				CLANG_WARN_OBJC_IMPLICIT_RETAIN_SELF = YES;
				CLANG_WARN_OBJC_LITERAL_CONVERSION = YES;
				CLANG_WARN_OBJC_ROOT_CLASS = YES_ERROR;
				CLANG_WARN_QUOTED_INCLUDE_IN_FRAMEWORK_HEADER = YES;
				CLANG_WARN_RANGE_LOOP_ANALYSIS = YES;
				CLANG_WARN_STRICT_PROTOTYPES = YES;
				CLANG_WARN_SUSPICIOUS_MOVE = YES;
				CLANG_WARN_UNGUARDED_AVAILABILITY = YES_AGGRESSIVE;
				CLANG_WARN_UNREACHABLE_CODE = YES;
				CLANG_WARN__DUPLICATE_METHOD_MATCH = YES;
				COPY_PHASE_STRIP = NO;
				DEBUG_INFORMATION_FORMAT = "dwarf-with-dsym";
				ENABLE_NS_ASSERTIONS = NO;
				ENABLE_STRICT_OBJC_MSGSEND = YES;
				GCC_C_LANGUAGE_STANDARD = gnu11;
				GCC_NO_COMMON_BLOCKS = YES;
				GCC_WARN_64_TO_32_BIT_CONVERSION = YES;
				GCC_WARN_ABOUT_RETURN_TYPE = YES_ERROR;
				GCC_WARN_UNDECLARED_SELECTOR = YES;
				GCC_WARN_UNINITIALIZED_AUTOS = YES_AGGRESSIVE;
				GCC_WARN_UNUSED_FUNCTION = YES;
				GCC_WARN_UNUSED_VARIABLE = YES;
				IPHONEOS_DEPLOYMENT_TARGET = 15.0;
				MTL_ENABLE_DEBUG_INFO = NO;
				MTL_FAST_MATH = YES;
				SDKROOT = iphoneos;
				SWIFT_COMPILATION_MODE = wholemodule;
				SWIFT_OPTIMIZATION_LEVEL = "-O";
				VALIDATE_PRODUCT = YES;
			};
			name = Release;
		};
		4A961CDF27385CE700D0CC0B /* Debug */ = {
			isa = XCBuildConfiguration;
			buildSettings = {
				ASSETCATALOG_COMPILER_APPICON_NAME = AppIcon;
				ASSETCATALOG_COMPILER_GLOBAL_ACCENT_COLOR_NAME = AccentColor;
				CODE_SIGN_STYLE = Automatic;
				CURRENT_PROJECT_VERSION = 1;
				DEVELOPMENT_TEAM = 82QVHPVFHP;
				GENERATE_INFOPLIST_FILE = YES;
				INFOPLIST_FILE = Messanger/Info.plist;
				INFOPLIST_KEY_UIApplicationSupportsIndirectInputEvents = YES;
				INFOPLIST_KEY_UILaunchStoryboardName = LaunchScreen;
				INFOPLIST_KEY_UIMainStoryboardFile = Main;
				INFOPLIST_KEY_UISupportedInterfaceOrientations = UIInterfaceOrientationPortrait;
				INFOPLIST_KEY_UISupportedInterfaceOrientations_iPad = "UIInterfaceOrientationPortrait UIInterfaceOrientationPortraitUpsideDown UIInterfaceOrientationLandscapeLeft UIInterfaceOrientationLandscapeRight";
				INFOPLIST_KEY_UISupportedInterfaceOrientations_iPhone = "UIInterfaceOrientationPortrait UIInterfaceOrientationLandscapeLeft UIInterfaceOrientationLandscapeRight";
				IPHONEOS_DEPLOYMENT_TARGET = 13.5;
				LD_RUNPATH_SEARCH_PATHS = (
					"$(inherited)",
					"@executable_path/Frameworks",
				);
				MARKETING_VERSION = 1.0;
				PRODUCT_BUNDLE_IDENTIFIER = com.yarapps.Messanger;
				PRODUCT_NAME = "$(TARGET_NAME)";
				SWIFT_EMIT_LOC_STRINGS = YES;
				SWIFT_VERSION = 5.0;
				TARGETED_DEVICE_FAMILY = "1,2";
			};
			name = Debug;
		};
		4A961CE027385CE700D0CC0B /* Release */ = {
			isa = XCBuildConfiguration;
			buildSettings = {
				ASSETCATALOG_COMPILER_APPICON_NAME = AppIcon;
				ASSETCATALOG_COMPILER_GLOBAL_ACCENT_COLOR_NAME = AccentColor;
				CODE_SIGN_STYLE = Automatic;
				CURRENT_PROJECT_VERSION = 1;
				DEVELOPMENT_TEAM = 82QVHPVFHP;
				GENERATE_INFOPLIST_FILE = YES;
				INFOPLIST_FILE = Messanger/Info.plist;
				INFOPLIST_KEY_UIApplicationSupportsIndirectInputEvents = YES;
				INFOPLIST_KEY_UILaunchStoryboardName = LaunchScreen;
				INFOPLIST_KEY_UIMainStoryboardFile = Main;
				INFOPLIST_KEY_UISupportedInterfaceOrientations = UIInterfaceOrientationPortrait;
				INFOPLIST_KEY_UISupportedInterfaceOrientations_iPad = "UIInterfaceOrientationPortrait UIInterfaceOrientationPortraitUpsideDown UIInterfaceOrientationLandscapeLeft UIInterfaceOrientationLandscapeRight";
				INFOPLIST_KEY_UISupportedInterfaceOrientations_iPhone = "UIInterfaceOrientationPortrait UIInterfaceOrientationLandscapeLeft UIInterfaceOrientationLandscapeRight";
				IPHONEOS_DEPLOYMENT_TARGET = 13.5;
				LD_RUNPATH_SEARCH_PATHS = (
					"$(inherited)",
					"@executable_path/Frameworks",
				);
				MARKETING_VERSION = 1.0;
				PRODUCT_BUNDLE_IDENTIFIER = com.yarapps.Messanger;
				PRODUCT_NAME = "$(TARGET_NAME)";
				SWIFT_EMIT_LOC_STRINGS = YES;
				SWIFT_VERSION = 5.0;
				TARGETED_DEVICE_FAMILY = "1,2";
			};
			name = Release;
		};
/* End XCBuildConfiguration section */

/* Begin XCConfigurationList section */
		4A961CC527385CE500D0CC0B /* Build configuration list for PBXProject "Messanger" */ = {
			isa = XCConfigurationList;
			buildConfigurations = (
				4A961CDC27385CE700D0CC0B /* Debug */,
				4A961CDD27385CE700D0CC0B /* Release */,
			);
			defaultConfigurationIsVisible = 0;
			defaultConfigurationName = Release;
		};
		4A961CDE27385CE700D0CC0B /* Build configuration list for PBXNativeTarget "Messanger" */ = {
			isa = XCConfigurationList;
			buildConfigurations = (
				4A961CDF27385CE700D0CC0B /* Debug */,
				4A961CE027385CE700D0CC0B /* Release */,
			);
			defaultConfigurationIsVisible = 0;
			defaultConfigurationName = Release;
		};
/* End XCConfigurationList section */
	};
	rootObject = 4A961CC227385CE500D0CC0B /* Project object */;
}
