// !$*UTF8*$!
{
	archiveVersion = 1;
	classes = {
	};
	objectVersion = 55;
	objects = {

/* Begin PBXBuildFile section */
		4A16F57727668F8400F32265 /* Tests_iOS.swift in Sources */ = {isa = PBXBuildFile; fileRef = 4A16F57627668F8400F32265 /* Tests_iOS.swift */; };
		4A16F57927668F8400F32265 /* Tests_iOSLaunchTests.swift in Sources */ = {isa = PBXBuildFile; fileRef = 4A16F57827668F8400F32265 /* Tests_iOSLaunchTests.swift */; };
		4A16F58327668F8400F32265 /* Tests_macOS.swift in Sources */ = {isa = PBXBuildFile; fileRef = 4A16F58227668F8400F32265 /* Tests_macOS.swift */; };
		4A16F58527668F8400F32265 /* Tests_macOSLaunchTests.swift in Sources */ = {isa = PBXBuildFile; fileRef = 4A16F58427668F8400F32265 /* Tests_macOSLaunchTests.swift */; };
		4A16F58627668F8400F32265 /* MultiPlatformAppApp.swift in Sources */ = {isa = PBXBuildFile; fileRef = 4A16F55E27668F8100F32265 /* MultiPlatformAppApp.swift */; };
		4A16F58727668F8400F32265 /* MultiPlatformAppApp.swift in Sources */ = {isa = PBXBuildFile; fileRef = 4A16F55E27668F8100F32265 /* MultiPlatformAppApp.swift */; };
		4A16F58827668F8400F32265 /* ContentView.swift in Sources */ = {isa = PBXBuildFile; fileRef = 4A16F55F27668F8100F32265 /* ContentView.swift */; };
		4A16F58927668F8400F32265 /* ContentView.swift in Sources */ = {isa = PBXBuildFile; fileRef = 4A16F55F27668F8100F32265 /* ContentView.swift */; };
		4A16F58A27668F8400F32265 /* Assets.xcassets in Resources */ = {isa = PBXBuildFile; fileRef = 4A16F56027668F8300F32265 /* Assets.xcassets */; };
		4A16F58B27668F8400F32265 /* Assets.xcassets in Resources */ = {isa = PBXBuildFile; fileRef = 4A16F56027668F8300F32265 /* Assets.xcassets */; };
		4A16F59C27668FFB00F32265 /* Forecast.swift in Sources */ = {isa = PBXBuildFile; fileRef = 4A16F59B27668FFB00F32265 /* Forecast.swift */; };
		4A16F59D27668FFB00F32265 /* Forecast.swift in Sources */ = {isa = PBXBuildFile; fileRef = 4A16F59B27668FFB00F32265 /* Forecast.swift */; };
		4A16F59F2766924700F32265 /* WeatherData.swift in Sources */ = {isa = PBXBuildFile; fileRef = 4A16F59E2766924700F32265 /* WeatherData.swift */; };
		4A16F5A02766924700F32265 /* WeatherData.swift in Sources */ = {isa = PBXBuildFile; fileRef = 4A16F59E2766924700F32265 /* WeatherData.swift */; };
		4A16F5A22766928E00F32265 /* Icon.swift in Sources */ = {isa = PBXBuildFile; fileRef = 4A16F5A12766928E00F32265 /* Icon.swift */; };
		4A16F5A32766928E00F32265 /* Icon.swift in Sources */ = {isa = PBXBuildFile; fileRef = 4A16F5A12766928E00F32265 /* Icon.swift */; };
		4A16F5A5276693E000F32265 /* DataRequest.swift in Sources */ = {isa = PBXBuildFile; fileRef = 4A16F5A4276693E000F32265 /* DataRequest.swift */; };
		4A16F5A6276693E000F32265 /* DataRequest.swift in Sources */ = {isa = PBXBuildFile; fileRef = 4A16F5A4276693E000F32265 /* DataRequest.swift */; };
		4A80C727276FD1F9005AC130 /* Defaults.swift in Sources */ = {isa = PBXBuildFile; fileRef = 4A80C726276FD1F9005AC130 /* Defaults.swift */; };
		4A80C728276FD1F9005AC130 /* Defaults.swift in Sources */ = {isa = PBXBuildFile; fileRef = 4A80C726276FD1F9005AC130 /* Defaults.swift */; };
		4A80C72A276FD5BA005AC130 /* MyWeatherView.swift in Sources */ = {isa = PBXBuildFile; fileRef = 4A80C729276FD5BA005AC130 /* MyWeatherView.swift */; };
		4A80C72B276FD5BA005AC130 /* MyWeatherView.swift in Sources */ = {isa = PBXBuildFile; fileRef = 4A80C729276FD5BA005AC130 /* MyWeatherView.swift */; };
/* End PBXBuildFile section */

/* Begin PBXContainerItemProxy section */
		4A16F57327668F8400F32265 /* PBXContainerItemProxy */ = {
			isa = PBXContainerItemProxy;
			containerPortal = 4A16F55927668F8000F32265 /* Project object */;
			proxyType = 1;
			remoteGlobalIDString = 4A16F56427668F8300F32265;
			remoteInfo = "MultiPlatformApp (iOS)";
		};
		4A16F57F27668F8400F32265 /* PBXContainerItemProxy */ = {
			isa = PBXContainerItemProxy;
			containerPortal = 4A16F55927668F8000F32265 /* Project object */;
			proxyType = 1;
			remoteGlobalIDString = 4A16F56A27668F8300F32265;
			remoteInfo = "MultiPlatformApp (macOS)";
		};
/* End PBXContainerItemProxy section */

/* Begin PBXFileReference section */
		4A16F55E27668F8100F32265 /* MultiPlatformAppApp.swift */ = {isa = PBXFileReference; lastKnownFileType = sourcecode.swift; path = MultiPlatformAppApp.swift; sourceTree = "<group>"; };
		4A16F55F27668F8100F32265 /* ContentView.swift */ = {isa = PBXFileReference; lastKnownFileType = sourcecode.swift; path = ContentView.swift; sourceTree = "<group>"; };
		4A16F56027668F8300F32265 /* Assets.xcassets */ = {isa = PBXFileReference; lastKnownFileType = folder.assetcatalog; path = Assets.xcassets; sourceTree = "<group>"; };
		4A16F56527668F8300F32265 /* MultiPlatformApp.app */ = {isa = PBXFileReference; explicitFileType = wrapper.application; includeInIndex = 0; path = MultiPlatformApp.app; sourceTree = BUILT_PRODUCTS_DIR; };
		4A16F56B27668F8300F32265 /* MultiPlatformApp.app */ = {isa = PBXFileReference; explicitFileType = wrapper.application; includeInIndex = 0; path = MultiPlatformApp.app; sourceTree = BUILT_PRODUCTS_DIR; };
		4A16F56D27668F8400F32265 /* macOS.entitlements */ = {isa = PBXFileReference; lastKnownFileType = text.plist.entitlements; path = macOS.entitlements; sourceTree = "<group>"; };
		4A16F57227668F8400F32265 /* Tests iOS.xctest */ = {isa = PBXFileReference; explicitFileType = wrapper.cfbundle; includeInIndex = 0; path = "Tests iOS.xctest"; sourceTree = BUILT_PRODUCTS_DIR; };
		4A16F57627668F8400F32265 /* Tests_iOS.swift */ = {isa = PBXFileReference; lastKnownFileType = sourcecode.swift; path = Tests_iOS.swift; sourceTree = "<group>"; };
		4A16F57827668F8400F32265 /* Tests_iOSLaunchTests.swift */ = {isa = PBXFileReference; lastKnownFileType = sourcecode.swift; path = Tests_iOSLaunchTests.swift; sourceTree = "<group>"; };
		4A16F57E27668F8400F32265 /* Tests macOS.xctest */ = {isa = PBXFileReference; explicitFileType = wrapper.cfbundle; includeInIndex = 0; path = "Tests macOS.xctest"; sourceTree = BUILT_PRODUCTS_DIR; };
		4A16F58227668F8400F32265 /* Tests_macOS.swift */ = {isa = PBXFileReference; lastKnownFileType = sourcecode.swift; path = Tests_macOS.swift; sourceTree = "<group>"; };
		4A16F58427668F8400F32265 /* Tests_macOSLaunchTests.swift */ = {isa = PBXFileReference; lastKnownFileType = sourcecode.swift; path = Tests_macOSLaunchTests.swift; sourceTree = "<group>"; };
		4A16F59B27668FFB00F32265 /* Forecast.swift */ = {isa = PBXFileReference; lastKnownFileType = sourcecode.swift; path = Forecast.swift; sourceTree = "<group>"; };
		4A16F59E2766924700F32265 /* WeatherData.swift */ = {isa = PBXFileReference; lastKnownFileType = sourcecode.swift; path = WeatherData.swift; sourceTree = "<group>"; };
		4A16F5A12766928E00F32265 /* Icon.swift */ = {isa = PBXFileReference; lastKnownFileType = sourcecode.swift; path = Icon.swift; sourceTree = "<group>"; };
		4A16F5A4276693E000F32265 /* DataRequest.swift */ = {isa = PBXFileReference; lastKnownFileType = sourcecode.swift; path = DataRequest.swift; sourceTree = "<group>"; };
		4A80C726276FD1F9005AC130 /* Defaults.swift */ = {isa = PBXFileReference; lastKnownFileType = sourcecode.swift; path = Defaults.swift; sourceTree = "<group>"; };
		4A80C729276FD5BA005AC130 /* MyWeatherView.swift */ = {isa = PBXFileReference; lastKnownFileType = sourcecode.swift; path = MyWeatherView.swift; sourceTree = "<group>"; };
/* End PBXFileReference section */

/* Begin PBXFrameworksBuildPhase section */
		4A16F56227668F8300F32265 /* Frameworks */ = {
			isa = PBXFrameworksBuildPhase;
			buildActionMask = 2147483647;
			files = (
			);
			runOnlyForDeploymentPostprocessing = 0;
		};
		4A16F56827668F8300F32265 /* Frameworks */ = {
			isa = PBXFrameworksBuildPhase;
			buildActionMask = 2147483647;
			files = (
			);
			runOnlyForDeploymentPostprocessing = 0;
		};
		4A16F56F27668F8400F32265 /* Frameworks */ = {
			isa = PBXFrameworksBuildPhase;
			buildActionMask = 2147483647;
			files = (
			);
			runOnlyForDeploymentPostprocessing = 0;
		};
		4A16F57B27668F8400F32265 /* Frameworks */ = {
			isa = PBXFrameworksBuildPhase;
			buildActionMask = 2147483647;
			files = (
			);
			runOnlyForDeploymentPostprocessing = 0;
		};
/* End PBXFrameworksBuildPhase section */

/* Begin PBXGroup section */
		4A16F55827668F8000F32265 = {
			isa = PBXGroup;
			children = (
				4A16F55D27668F8100F32265 /* Shared */,
				4A16F56C27668F8300F32265 /* macOS */,
				4A16F57527668F8400F32265 /* Tests iOS */,
				4A16F58127668F8400F32265 /* Tests macOS */,
				4A16F56627668F8300F32265 /* Products */,
			);
			sourceTree = "<group>";
		};
		4A16F55D27668F8100F32265 /* Shared */ = {
			isa = PBXGroup;
			children = (
				4A16F55E27668F8100F32265 /* MultiPlatformAppApp.swift */,
				4A16F55F27668F8100F32265 /* ContentView.swift */,
				4A16F59A27668FCE00F32265 /* DataModels */,
				4A16F56027668F8300F32265 /* Assets.xcassets */,
				4A80C729276FD5BA005AC130 /* MyWeatherView.swift */,
			);
			path = Shared;
			sourceTree = "<group>";
		};
		4A16F56627668F8300F32265 /* Products */ = {
			isa = PBXGroup;
			children = (
				4A16F56527668F8300F32265 /* MultiPlatformApp.app */,
				4A16F56B27668F8300F32265 /* MultiPlatformApp.app */,
				4A16F57227668F8400F32265 /* Tests iOS.xctest */,
				4A16F57E27668F8400F32265 /* Tests macOS.xctest */,
			);
			name = Products;
			sourceTree = "<group>";
		};
		4A16F56C27668F8300F32265 /* macOS */ = {
			isa = PBXGroup;
			children = (
				4A16F56D27668F8400F32265 /* macOS.entitlements */,
			);
			path = macOS;
			sourceTree = "<group>";
		};
		4A16F57527668F8400F32265 /* Tests iOS */ = {
			isa = PBXGroup;
			children = (
				4A16F57627668F8400F32265 /* Tests_iOS.swift */,
				4A16F57827668F8400F32265 /* Tests_iOSLaunchTests.swift */,
			);
			path = "Tests iOS";
			sourceTree = "<group>";
		};
		4A16F58127668F8400F32265 /* Tests macOS */ = {
			isa = PBXGroup;
			children = (
				4A16F58227668F8400F32265 /* Tests_macOS.swift */,
				4A16F58427668F8400F32265 /* Tests_macOSLaunchTests.swift */,
			);
			path = "Tests macOS";
			sourceTree = "<group>";
		};
		4A16F59A27668FCE00F32265 /* DataModels */ = {
			isa = PBXGroup;
			children = (
				4A16F59B27668FFB00F32265 /* Forecast.swift */,
				4A16F59E2766924700F32265 /* WeatherData.swift */,
				4A16F5A12766928E00F32265 /* Icon.swift */,
				4A16F5A4276693E000F32265 /* DataRequest.swift */,
				4A80C726276FD1F9005AC130 /* Defaults.swift */,
			);
			path = DataModels;
			sourceTree = "<group>";
		};
/* End PBXGroup section */

/* Begin PBXNativeTarget section */
		4A16F56427668F8300F32265 /* MultiPlatformApp (iOS) */ = {
			isa = PBXNativeTarget;
			buildConfigurationList = 4A16F58E27668F8400F32265 /* Build configuration list for PBXNativeTarget "MultiPlatformApp (iOS)" */;
			buildPhases = (
				4A16F56127668F8300F32265 /* Sources */,
				4A16F56227668F8300F32265 /* Frameworks */,
				4A16F56327668F8300F32265 /* Resources */,
			);
			buildRules = (
			);
			dependencies = (
			);
			name = "MultiPlatformApp (iOS)";
			productName = "MultiPlatformApp (iOS)";
			productReference = 4A16F56527668F8300F32265 /* MultiPlatformApp.app */;
			productType = "com.apple.product-type.application";
		};
		4A16F56A27668F8300F32265 /* MultiPlatformApp (macOS) */ = {
			isa = PBXNativeTarget;
			buildConfigurationList = 4A16F59127668F8400F32265 /* Build configuration list for PBXNativeTarget "MultiPlatformApp (macOS)" */;
			buildPhases = (
				4A16F56727668F8300F32265 /* Sources */,
				4A16F56827668F8300F32265 /* Frameworks */,
				4A16F56927668F8300F32265 /* Resources */,
			);
			buildRules = (
			);
			dependencies = (
			);
			name = "MultiPlatformApp (macOS)";
			productName = "MultiPlatformApp (macOS)";
			productReference = 4A16F56B27668F8300F32265 /* MultiPlatformApp.app */;
			productType = "com.apple.product-type.application";
		};
		4A16F57127668F8400F32265 /* Tests iOS */ = {
			isa = PBXNativeTarget;
			buildConfigurationList = 4A16F59427668F8400F32265 /* Build configuration list for PBXNativeTarget "Tests iOS" */;
			buildPhases = (
				4A16F56E27668F8400F32265 /* Sources */,
				4A16F56F27668F8400F32265 /* Frameworks */,
				4A16F57027668F8400F32265 /* Resources */,
			);
			buildRules = (
			);
			dependencies = (
				4A16F57427668F8400F32265 /* PBXTargetDependency */,
			);
			name = "Tests iOS";
			productName = "Tests iOS";
			productReference = 4A16F57227668F8400F32265 /* Tests iOS.xctest */;
			productType = "com.apple.product-type.bundle.ui-testing";
		};
		4A16F57D27668F8400F32265 /* Tests macOS */ = {
			isa = PBXNativeTarget;
			buildConfigurationList = 4A16F59727668F8400F32265 /* Build configuration list for PBXNativeTarget "Tests macOS" */;
			buildPhases = (
				4A16F57A27668F8400F32265 /* Sources */,
				4A16F57B27668F8400F32265 /* Frameworks */,
				4A16F57C27668F8400F32265 /* Resources */,
			);
			buildRules = (
			);
			dependencies = (
				4A16F58027668F8400F32265 /* PBXTargetDependency */,
			);
			name = "Tests macOS";
			productName = "Tests macOS";
			productReference = 4A16F57E27668F8400F32265 /* Tests macOS.xctest */;
			productType = "com.apple.product-type.bundle.ui-testing";
		};
/* End PBXNativeTarget section */

/* Begin PBXProject section */
		4A16F55927668F8000F32265 /* Project object */ = {
			isa = PBXProject;
			attributes = {
				BuildIndependentTargetsInParallel = 1;
				LastSwiftUpdateCheck = 1310;
				LastUpgradeCheck = 1310;
				TargetAttributes = {
					4A16F56427668F8300F32265 = {
						CreatedOnToolsVersion = 13.1;
					};
					4A16F56A27668F8300F32265 = {
						CreatedOnToolsVersion = 13.1;
					};
					4A16F57127668F8400F32265 = {
						CreatedOnToolsVersion = 13.1;
						TestTargetID = 4A16F56427668F8300F32265;
					};
					4A16F57D27668F8400F32265 = {
						CreatedOnToolsVersion = 13.1;
						TestTargetID = 4A16F56A27668F8300F32265;
					};
				};
			};
			buildConfigurationList = 4A16F55C27668F8000F32265 /* Build configuration list for PBXProject "MultiPlatformApp" */;
			compatibilityVersion = "Xcode 13.0";
			developmentRegion = en;
			hasScannedForEncodings = 0;
			knownRegions = (
				en,
				Base,
			);
			mainGroup = 4A16F55827668F8000F32265;
			productRefGroup = 4A16F56627668F8300F32265 /* Products */;
			projectDirPath = "";
			projectRoot = "";
			targets = (
				4A16F56427668F8300F32265 /* MultiPlatformApp (iOS) */,
				4A16F56A27668F8300F32265 /* MultiPlatformApp (macOS) */,
				4A16F57127668F8400F32265 /* Tests iOS */,
				4A16F57D27668F8400F32265 /* Tests macOS */,
			);
		};
/* End PBXProject section */

/* Begin PBXResourcesBuildPhase section */
		4A16F56327668F8300F32265 /* Resources */ = {
			isa = PBXResourcesBuildPhase;
			buildActionMask = 2147483647;
			files = (
				4A16F58A27668F8400F32265 /* Assets.xcassets in Resources */,
			);
			runOnlyForDeploymentPostprocessing = 0;
		};
		4A16F56927668F8300F32265 /* Resources */ = {
			isa = PBXResourcesBuildPhase;
			buildActionMask = 2147483647;
			files = (
				4A16F58B27668F8400F32265 /* Assets.xcassets in Resources */,
			);
			runOnlyForDeploymentPostprocessing = 0;
		};
		4A16F57027668F8400F32265 /* Resources */ = {
			isa = PBXResourcesBuildPhase;
			buildActionMask = 2147483647;
			files = (
			);
			runOnlyForDeploymentPostprocessing = 0;
		};
		4A16F57C27668F8400F32265 /* Resources */ = {
			isa = PBXResourcesBuildPhase;
			buildActionMask = 2147483647;
			files = (
			);
			runOnlyForDeploymentPostprocessing = 0;
		};
/* End PBXResourcesBuildPhase section */

/* Begin PBXSourcesBuildPhase section */
		4A16F56127668F8300F32265 /* Sources */ = {
			isa = PBXSourcesBuildPhase;
			buildActionMask = 2147483647;
			files = (
				4A16F58827668F8400F32265 /* ContentView.swift in Sources */,
				4A80C727276FD1F9005AC130 /* Defaults.swift in Sources */,
				4A16F59C27668FFB00F32265 /* Forecast.swift in Sources */,
				4A16F59F2766924700F32265 /* WeatherData.swift in Sources */,
				4A16F5A5276693E000F32265 /* DataRequest.swift in Sources */,
				4A16F5A22766928E00F32265 /* Icon.swift in Sources */,
				4A16F58627668F8400F32265 /* MultiPlatformAppApp.swift in Sources */,
				4A80C72A276FD5BA005AC130 /* MyWeatherView.swift in Sources */,
			);
			runOnlyForDeploymentPostprocessing = 0;
		};
		4A16F56727668F8300F32265 /* Sources */ = {
			isa = PBXSourcesBuildPhase;
			buildActionMask = 2147483647;
			files = (
				4A16F58927668F8400F32265 /* ContentView.swift in Sources */,
				4A80C728276FD1F9005AC130 /* Defaults.swift in Sources */,
				4A16F59D27668FFB00F32265 /* Forecast.swift in Sources */,
				4A16F5A02766924700F32265 /* WeatherData.swift in Sources */,
				4A16F5A6276693E000F32265 /* DataRequest.swift in Sources */,
				4A16F5A32766928E00F32265 /* Icon.swift in Sources */,
				4A16F58727668F8400F32265 /* MultiPlatformAppApp.swift in Sources */,
				4A80C72B276FD5BA005AC130 /* MyWeatherView.swift in Sources */,
			);
			runOnlyForDeploymentPostprocessing = 0;
		};
		4A16F56E27668F8400F32265 /* Sources */ = {
			isa = PBXSourcesBuildPhase;
			buildActionMask = 2147483647;
			files = (
				4A16F57927668F8400F32265 /* Tests_iOSLaunchTests.swift in Sources */,
				4A16F57727668F8400F32265 /* Tests_iOS.swift in Sources */,
			);
			runOnlyForDeploymentPostprocessing = 0;
		};
		4A16F57A27668F8400F32265 /* Sources */ = {
			isa = PBXSourcesBuildPhase;
			buildActionMask = 2147483647;
			files = (
				4A16F58527668F8400F32265 /* Tests_macOSLaunchTests.swift in Sources */,
				4A16F58327668F8400F32265 /* Tests_macOS.swift in Sources */,
			);
			runOnlyForDeploymentPostprocessing = 0;
		};
/* End PBXSourcesBuildPhase section */

/* Begin PBXTargetDependency section */
		4A16F57427668F8400F32265 /* PBXTargetDependency */ = {
			isa = PBXTargetDependency;
			target = 4A16F56427668F8300F32265 /* MultiPlatformApp (iOS) */;
			targetProxy = 4A16F57327668F8400F32265 /* PBXContainerItemProxy */;
		};
		4A16F58027668F8400F32265 /* PBXTargetDependency */ = {
			isa = PBXTargetDependency;
			target = 4A16F56A27668F8300F32265 /* MultiPlatformApp (macOS) */;
			targetProxy = 4A16F57F27668F8400F32265 /* PBXContainerItemProxy */;
		};
/* End PBXTargetDependency section */

/* Begin XCBuildConfiguration section */
		4A16F58C27668F8400F32265 /* Debug */ = {
			isa = XCBuildConfiguration;
			buildSettings = {
				ALWAYS_SEARCH_USER_PATHS = NO;
				CLANG_ANALYZER_NONNULL = YES;
				CLANG_ANALYZER_NUMBER_OBJECT_CONVERSION = YES_AGGRESSIVE;
				CLANG_CXX_LANGUAGE_STANDARD = "gnu++17";
				CLANG_CXX_LIBRARY = "libc++";
				CLANG_ENABLE_MODULES = YES;
				CLANG_ENABLE_OBJC_ARC = YES;
				CLANG_ENABLE_OBJC_WEAK = YES;
				CLANG_WARN_BLOCK_CAPTURE_AUTORELEASING = YES;
				CLANG_WARN_BOOL_CONVERSION = YES;
				CLANG_WARN_COMMA = YES;
				CLANG_WARN_CONSTANT_CONVERSION = YES;
				CLANG_WARN_DEPRECATED_OBJC_IMPLEMENTATIONS = YES;
				CLANG_WARN_DIRECT_OBJC_ISA_USAGE = YES_ERROR;
				CLANG_WARN_DOCUMENTATION_COMMENTS = YES;
				CLANG_WARN_EMPTY_BODY = YES;
				CLANG_WARN_ENUM_CONVERSION = YES;
				CLANG_WARN_INFINITE_RECURSION = YES;
				CLANG_WARN_INT_CONVERSION = YES;
				CLANG_WARN_NON_LITERAL_NULL_CONVERSION = YES;
				CLANG_WARN_OBJC_IMPLICIT_RETAIN_SELF = YES;
				CLANG_WARN_OBJC_LITERAL_CONVERSION = YES;
				CLANG_WARN_OBJC_ROOT_CLASS = YES_ERROR;
				CLANG_WARN_QUOTED_INCLUDE_IN_FRAMEWORK_HEADER = YES;
				CLANG_WARN_RANGE_LOOP_ANALYSIS = YES;
				CLANG_WARN_STRICT_PROTOTYPES = YES;
				CLANG_WARN_SUSPICIOUS_MOVE = YES;
				CLANG_WARN_UNGUARDED_AVAILABILITY = YES_AGGRESSIVE;
				CLANG_WARN_UNREACHABLE_CODE = YES;
				CLANG_WARN__DUPLICATE_METHOD_MATCH = YES;
				COPY_PHASE_STRIP = NO;
				DEBUG_INFORMATION_FORMAT = dwarf;
				ENABLE_STRICT_OBJC_MSGSEND = YES;
				ENABLE_TESTABILITY = YES;
				GCC_C_LANGUAGE_STANDARD = gnu11;
				GCC_DYNAMIC_NO_PIC = NO;
				GCC_NO_COMMON_BLOCKS = YES;
				GCC_OPTIMIZATION_LEVEL = 0;
				GCC_PREPROCESSOR_DEFINITIONS = (
					"DEBUG=1",
					"$(inherited)",
				);
				GCC_WARN_64_TO_32_BIT_CONVERSION = YES;
				GCC_WARN_ABOUT_RETURN_TYPE = YES_ERROR;
				GCC_WARN_UNDECLARED_SELECTOR = YES;
				GCC_WARN_UNINITIALIZED_AUTOS = YES_AGGRESSIVE;
				GCC_WARN_UNUSED_FUNCTION = YES;
				GCC_WARN_UNUSED_VARIABLE = YES;
				MTL_ENABLE_DEBUG_INFO = INCLUDE_SOURCE;
				MTL_FAST_MATH = YES;
				ONLY_ACTIVE_ARCH = YES;
				SWIFT_ACTIVE_COMPILATION_CONDITIONS = DEBUG;
				SWIFT_OPTIMIZATION_LEVEL = "-Onone";
			};
			name = Debug;
		};
		4A16F58D27668F8400F32265 /* Release */ = {
			isa = XCBuildConfiguration;
			buildSettings = {
				ALWAYS_SEARCH_USER_PATHS = NO;
				CLANG_ANALYZER_NONNULL = YES;
				CLANG_ANALYZER_NUMBER_OBJECT_CONVERSION = YES_AGGRESSIVE;
				CLANG_CXX_LANGUAGE_STANDARD = "gnu++17";
				CLANG_CXX_LIBRARY = "libc++";
				CLANG_ENABLE_MODULES = YES;
				CLANG_ENABLE_OBJC_ARC = YES;
				CLANG_ENABLE_OBJC_WEAK = YES;
				CLANG_WARN_BLOCK_CAPTURE_AUTORELEASING = YES;
				CLANG_WARN_BOOL_CONVERSION = YES;
				CLANG_WARN_COMMA = YES;
				CLANG_WARN_CONSTANT_CONVERSION = YES;
				CLANG_WARN_DEPRECATED_OBJC_IMPLEMENTATIONS = YES;
				CLANG_WARN_DIRECT_OBJC_ISA_USAGE = YES_ERROR;
				CLANG_WARN_DOCUMENTATION_COMMENTS = YES;
				CLANG_WARN_EMPTY_BODY = YES;
				CLANG_WARN_ENUM_CONVERSION = YES;
				CLANG_WARN_INFINITE_RECURSION = YES;
				CLANG_WARN_INT_CONVERSION = YES;
				CLANG_WARN_NON_LITERAL_NULL_CONVERSION = YES;
				CLANG_WARN_OBJC_IMPLICIT_RETAIN_SELF = YES;
				CLANG_WARN_OBJC_LITERAL_CONVERSION = YES;
				CLANG_WARN_OBJC_ROOT_CLASS = YES_ERROR;
				CLANG_WARN_QUOTED_INCLUDE_IN_FRAMEWORK_HEADER = YES;
				CLANG_WARN_RANGE_LOOP_ANALYSIS = YES;
				CLANG_WARN_STRICT_PROTOTYPES = YES;
				CLANG_WARN_SUSPICIOUS_MOVE = YES;
				CLANG_WARN_UNGUARDED_AVAILABILITY = YES_AGGRESSIVE;
				CLANG_WARN_UNREACHABLE_CODE = YES;
				CLANG_WARN__DUPLICATE_METHOD_MATCH = YES;
				COPY_PHASE_STRIP = NO;
				DEBUG_INFORMATION_FORMAT = "dwarf-with-dsym";
				ENABLE_NS_ASSERTIONS = NO;
				ENABLE_STRICT_OBJC_MSGSEND = YES;
				GCC_C_LANGUAGE_STANDARD = gnu11;
				GCC_NO_COMMON_BLOCKS = YES;
				GCC_WARN_64_TO_32_BIT_CONVERSION = YES;
				GCC_WARN_ABOUT_RETURN_TYPE = YES_ERROR;
				GCC_WARN_UNDECLARED_SELECTOR = YES;
				GCC_WARN_UNINITIALIZED_AUTOS = YES_AGGRESSIVE;
				GCC_WARN_UNUSED_FUNCTION = YES;
				GCC_WARN_UNUSED_VARIABLE = YES;
				MTL_ENABLE_DEBUG_INFO = NO;
				MTL_FAST_MATH = YES;
				SWIFT_COMPILATION_MODE = wholemodule;
				SWIFT_OPTIMIZATION_LEVEL = "-O";
			};
			name = Release;
		};
		4A16F58F27668F8400F32265 /* Debug */ = {
			isa = XCBuildConfiguration;
			buildSettings = {
				ASSETCATALOG_COMPILER_APPICON_NAME = AppIcon;
				ASSETCATALOG_COMPILER_GLOBAL_ACCENT_COLOR_NAME = AccentColor;
				CODE_SIGN_STYLE = Automatic;
				CURRENT_PROJECT_VERSION = 1;
				DEVELOPMENT_TEAM = 82QVHPVFHP;
				ENABLE_PREVIEWS = YES;
				GENERATE_INFOPLIST_FILE = YES;
				INFOPLIST_KEY_UIApplicationSceneManifest_Generation = YES;
				INFOPLIST_KEY_UIApplicationSupportsIndirectInputEvents = YES;
				INFOPLIST_KEY_UILaunchScreen_Generation = YES;
				INFOPLIST_KEY_UISupportedInterfaceOrientations_iPad = "UIInterfaceOrientationPortrait UIInterfaceOrientationPortraitUpsideDown UIInterfaceOrientationLandscapeLeft UIInterfaceOrientationLandscapeRight";
				INFOPLIST_KEY_UISupportedInterfaceOrientations_iPhone = "UIInterfaceOrientationPortrait UIInterfaceOrientationLandscapeLeft UIInterfaceOrientationLandscapeRight";
				IPHONEOS_DEPLOYMENT_TARGET = 15.0;
				LD_RUNPATH_SEARCH_PATHS = (
					"$(inherited)",
					"@executable_path/Frameworks",
				);
				MARKETING_VERSION = 1.0;
				PRODUCT_BUNDLE_IDENTIFIER = com.yarsher.dev.MultiPlatformApp;
				PRODUCT_NAME = MultiPlatformApp;
				SDKROOT = iphoneos;
				SWIFT_EMIT_LOC_STRINGS = YES;
				SWIFT_VERSION = 5.0;
				TARGETED_DEVICE_FAMILY = "1,2";
			};
			name = Debug;
		};
		4A16F59027668F8400F32265 /* Release */ = {
			isa = XCBuildConfiguration;
			buildSettings = {
				ASSETCATALOG_COMPILER_APPICON_NAME = AppIcon;
				ASSETCATALOG_COMPILER_GLOBAL_ACCENT_COLOR_NAME = AccentColor;
				CODE_SIGN_STYLE = Automatic;
				CURRENT_PROJECT_VERSION = 1;
				DEVELOPMENT_TEAM = 82QVHPVFHP;
				ENABLE_PREVIEWS = YES;
				GENERATE_INFOPLIST_FILE = YES;
				INFOPLIST_KEY_UIApplicationSceneManifest_Generation = YES;
				INFOPLIST_KEY_UIApplicationSupportsIndirectInputEvents = YES;
				INFOPLIST_KEY_UILaunchScreen_Generation = YES;
				INFOPLIST_KEY_UISupportedInterfaceOrientations_iPad = "UIInterfaceOrientationPortrait UIInterfaceOrientationPortraitUpsideDown UIInterfaceOrientationLandscapeLeft UIInterfaceOrientationLandscapeRight";
				INFOPLIST_KEY_UISupportedInterfaceOrientations_iPhone = "UIInterfaceOrientationPortrait UIInterfaceOrientationLandscapeLeft UIInterfaceOrientationLandscapeRight";
				IPHONEOS_DEPLOYMENT_TARGET = 15.0;
				LD_RUNPATH_SEARCH_PATHS = (
					"$(inherited)",
					"@executable_path/Frameworks",
				);
				MARKETING_VERSION = 1.0;
				PRODUCT_BUNDLE_IDENTIFIER = com.yarsher.dev.MultiPlatformApp;
				PRODUCT_NAME = MultiPlatformApp;
				SDKROOT = iphoneos;
				SWIFT_EMIT_LOC_STRINGS = YES;
				SWIFT_VERSION = 5.0;
				TARGETED_DEVICE_FAMILY = "1,2";
				VALIDATE_PRODUCT = YES;
			};
			name = Release;
		};
		4A16F59227668F8400F32265 /* Debug */ = {
			isa = XCBuildConfiguration;
			buildSettings = {
				ASSETCATALOG_COMPILER_APPICON_NAME = AppIcon;
				ASSETCATALOG_COMPILER_GLOBAL_ACCENT_COLOR_NAME = AccentColor;
				CODE_SIGN_ENTITLEMENTS = macOS/macOS.entitlements;
				CODE_SIGN_STYLE = Automatic;
				COMBINE_HIDPI_IMAGES = YES;
				CURRENT_PROJECT_VERSION = 1;
				DEVELOPMENT_TEAM = 82QVHPVFHP;
				ENABLE_HARDENED_RUNTIME = YES;
				ENABLE_PREVIEWS = YES;
				GENERATE_INFOPLIST_FILE = YES;
				INFOPLIST_KEY_NSHumanReadableCopyright = "";
				LD_RUNPATH_SEARCH_PATHS = (
					"$(inherited)",
					"@executable_path/../Frameworks",
				);
				MACOSX_DEPLOYMENT_TARGET = 11.6;
				MARKETING_VERSION = 1.0;
				PRODUCT_BUNDLE_IDENTIFIER = com.yarsher.dev.MultiPlatformApp;
				PRODUCT_NAME = MultiPlatformApp;
				SDKROOT = macosx;
				SWIFT_EMIT_LOC_STRINGS = YES;
				SWIFT_VERSION = 5.0;
			};
			name = Debug;
		};
		4A16F59327668F8400F32265 /* Release */ = {
			isa = XCBuildConfiguration;
			buildSettings = {
				ASSETCATALOG_COMPILER_APPICON_NAME = AppIcon;
				ASSETCATALOG_COMPILER_GLOBAL_ACCENT_COLOR_NAME = AccentColor;
				CODE_SIGN_ENTITLEMENTS = macOS/macOS.entitlements;
				CODE_SIGN_STYLE = Automatic;
				COMBINE_HIDPI_IMAGES = YES;
				CURRENT_PROJECT_VERSION = 1;
				DEVELOPMENT_TEAM = 82QVHPVFHP;
				ENABLE_HARDENED_RUNTIME = YES;
				ENABLE_PREVIEWS = YES;
				GENERATE_INFOPLIST_FILE = YES;
				INFOPLIST_KEY_NSHumanReadableCopyright = "";
				LD_RUNPATH_SEARCH_PATHS = (
					"$(inherited)",
					"@executable_path/../Frameworks",
				);
				MACOSX_DEPLOYMENT_TARGET = 11.6;
				MARKETING_VERSION = 1.0;
				PRODUCT_BUNDLE_IDENTIFIER = com.yarsher.dev.MultiPlatformApp;
				PRODUCT_NAME = MultiPlatformApp;
				SDKROOT = macosx;
				SWIFT_EMIT_LOC_STRINGS = YES;
				SWIFT_VERSION = 5.0;
			};
			name = Release;
		};
		4A16F59527668F8400F32265 /* Debug */ = {
			isa = XCBuildConfiguration;
			buildSettings = {
				ALWAYS_EMBED_SWIFT_STANDARD_LIBRARIES = YES;
				CODE_SIGN_STYLE = Automatic;
				CURRENT_PROJECT_VERSION = 1;
				DEVELOPMENT_TEAM = 82QVHPVFHP;
				GENERATE_INFOPLIST_FILE = YES;
				IPHONEOS_DEPLOYMENT_TARGET = 15.0;
				LD_RUNPATH_SEARCH_PATHS = (
					"$(inherited)",
					"@executable_path/Frameworks",
					"@loader_path/Frameworks",
				);
				MARKETING_VERSION = 1.0;
				PRODUCT_BUNDLE_IDENTIFIER = "com.yarsher.dev.Tests-iOS";
				PRODUCT_NAME = "$(TARGET_NAME)";
				SDKROOT = iphoneos;
				SWIFT_EMIT_LOC_STRINGS = NO;
				SWIFT_VERSION = 5.0;
				TARGETED_DEVICE_FAMILY = "1,2";
				TEST_TARGET_NAME = "MultiPlatformApp (iOS)";
			};
			name = Debug;
		};
		4A16F59627668F8400F32265 /* Release */ = {
			isa = XCBuildConfiguration;
			buildSettings = {
				ALWAYS_EMBED_SWIFT_STANDARD_LIBRARIES = YES;
				CODE_SIGN_STYLE = Automatic;
				CURRENT_PROJECT_VERSION = 1;
				DEVELOPMENT_TEAM = 82QVHPVFHP;
				GENERATE_INFOPLIST_FILE = YES;
				IPHONEOS_DEPLOYMENT_TARGET = 15.0;
				LD_RUNPATH_SEARCH_PATHS = (
					"$(inherited)",
					"@executable_path/Frameworks",
					"@loader_path/Frameworks",
				);
				MARKETING_VERSION = 1.0;
				PRODUCT_BUNDLE_IDENTIFIER = "com.yarsher.dev.Tests-iOS";
				PRODUCT_NAME = "$(TARGET_NAME)";
				SDKROOT = iphoneos;
				SWIFT_EMIT_LOC_STRINGS = NO;
				SWIFT_VERSION = 5.0;
				TARGETED_DEVICE_FAMILY = "1,2";
				TEST_TARGET_NAME = "MultiPlatformApp (iOS)";
				VALIDATE_PRODUCT = YES;
			};
			name = Release;
		};
		4A16F59827668F8400F32265 /* Debug */ = {
			isa = XCBuildConfiguration;
			buildSettings = {
				ALWAYS_EMBED_SWIFT_STANDARD_LIBRARIES = YES;
				CODE_SIGN_STYLE = Automatic;
				COMBINE_HIDPI_IMAGES = YES;
				CURRENT_PROJECT_VERSION = 1;
				DEVELOPMENT_TEAM = 82QVHPVFHP;
				GENERATE_INFOPLIST_FILE = YES;
				LD_RUNPATH_SEARCH_PATHS = (
					"$(inherited)",
					"@executable_path/../Frameworks",
					"@loader_path/../Frameworks",
				);
				MACOSX_DEPLOYMENT_TARGET = 11.6;
				MARKETING_VERSION = 1.0;
				PRODUCT_BUNDLE_IDENTIFIER = "com.yarsher.dev.Tests-macOS";
				PRODUCT_NAME = "$(TARGET_NAME)";
				SDKROOT = macosx;
				SWIFT_EMIT_LOC_STRINGS = NO;
				SWIFT_VERSION = 5.0;
				TEST_TARGET_NAME = "MultiPlatformApp (macOS)";
			};
			name = Debug;
		};
		4A16F59927668F8400F32265 /* Release */ = {
			isa = XCBuildConfiguration;
			buildSettings = {
				ALWAYS_EMBED_SWIFT_STANDARD_LIBRARIES = YES;
				CODE_SIGN_STYLE = Automatic;
				COMBINE_HIDPI_IMAGES = YES;
				CURRENT_PROJECT_VERSION = 1;
				DEVELOPMENT_TEAM = 82QVHPVFHP;
				GENERATE_INFOPLIST_FILE = YES;
				LD_RUNPATH_SEARCH_PATHS = (
					"$(inherited)",
					"@executable_path/../Frameworks",
					"@loader_path/../Frameworks",
				);
				MACOSX_DEPLOYMENT_TARGET = 11.6;
				MARKETING_VERSION = 1.0;
				PRODUCT_BUNDLE_IDENTIFIER = "com.yarsher.dev.Tests-macOS";
				PRODUCT_NAME = "$(TARGET_NAME)";
				SDKROOT = macosx;
				SWIFT_EMIT_LOC_STRINGS = NO;
				SWIFT_VERSION = 5.0;
				TEST_TARGET_NAME = "MultiPlatformApp (macOS)";
			};
			name = Release;
		};
/* End XCBuildConfiguration section */

/* Begin XCConfigurationList section */
		4A16F55C27668F8000F32265 /* Build configuration list for PBXProject "MultiPlatformApp" */ = {
			isa = XCConfigurationList;
			buildConfigurations = (
				4A16F58C27668F8400F32265 /* Debug */,
				4A16F58D27668F8400F32265 /* Release */,
			);
			defaultConfigurationIsVisible = 0;
			defaultConfigurationName = Release;
		};
		4A16F58E27668F8400F32265 /* Build configuration list for PBXNativeTarget "MultiPlatformApp (iOS)" */ = {
			isa = XCConfigurationList;
			buildConfigurations = (
				4A16F58F27668F8400F32265 /* Debug */,
				4A16F59027668F8400F32265 /* Release */,
			);
			defaultConfigurationIsVisible = 0;
			defaultConfigurationName = Release;
		};
		4A16F59127668F8400F32265 /* Build configuration list for PBXNativeTarget "MultiPlatformApp (macOS)" */ = {
			isa = XCConfigurationList;
			buildConfigurations = (
				4A16F59227668F8400F32265 /* Debug */,
				4A16F59327668F8400F32265 /* Release */,
			);
			defaultConfigurationIsVisible = 0;
			defaultConfigurationName = Release;
		};
		4A16F59427668F8400F32265 /* Build configuration list for PBXNativeTarget "Tests iOS" */ = {
			isa = XCConfigurationList;
			buildConfigurations = (
				4A16F59527668F8400F32265 /* Debug */,
				4A16F59627668F8400F32265 /* Release */,
			);
			defaultConfigurationIsVisible = 0;
			defaultConfigurationName = Release;
		};
		4A16F59727668F8400F32265 /* Build configuration list for PBXNativeTarget "Tests macOS" */ = {
			isa = XCConfigurationList;
			buildConfigurations = (
				4A16F59827668F8400F32265 /* Debug */,
				4A16F59927668F8400F32265 /* Release */,
			);
			defaultConfigurationIsVisible = 0;
			defaultConfigurationName = Release;
		};
/* End XCConfigurationList section */
	};
	rootObject = 4A16F55927668F8000F32265 /* Project object */;
}
